<?xml version="1.0" encoding="utf-8"?>
<Project ToolsVersion="4.0" xmlns="http://schemas.microsoft.com/developer/msbuild/2003">
  <ItemGroup>
    <Filter Include="Source files">
      <UniqueIdentifier>{9b28b578-0b4a-4bc7-b917-bf76361d63f7}</UniqueIdentifier>
      <Extensions>cpp;c;cc;cxx;def;odl;idl;hpj;bat;asm;asmx</Extensions>
    </Filter>
    <Filter Include="Header files">
      <UniqueIdentifier>{92f0172c-8a6f-423c-a04a-7863234c4c59}</UniqueIdentifier>
      <Extensions>h;hpp;hxx;hm;inl;inc;xsd</Extensions>
    </Filter>
    <Filter Include="Resource files">
      <UniqueIdentifier>{43cd31ee-6108-4519-94b4-710d35b9ab20}</UniqueIdentifier>
      <Extensions>rc;ico;cur;bmp;dlg;rc2;rct;bin;rgs;gif;jpg;jpeg;jpe;resx;tiff;tif;png;wav</Extensions>
    </Filter>
    <Filter Include="Source files\Device-specific files">
      <UniqueIdentifier>{5a4a527f-36cc-446a-8c77-a0f35d13ace9}</UniqueIdentifier>
    </Filter>
    <Filter Include="Header files\Device-specific files">
      <UniqueIdentifier>{54bb040a-42de-4ed2-a74c-6caeb2a05dfb}</UniqueIdentifier>
    </Filter>
    <Filter Include="VisualGDB settings">
      <UniqueIdentifier>{7bcb1edb-e53f-49bd-a5f0-79115d46af2b}</UniqueIdentifier>
    </Filter>
    <Filter Include="Chimera">
      <UniqueIdentifier>{f86499a7-66a3-4135-a3fc-a0c814e0a6c4}</UniqueIdentifier>
    </Filter>
    <Filter Include="Thor">
      <UniqueIdentifier>{48b628c3-5d47-4e2b-ad52-6fbe257971d0}</UniqueIdentifier>
    </Filter>
    <Filter Include="Arche">
      <UniqueIdentifier>{2230119d-ca48-45d9-87ce-e7307d291eda}</UniqueIdentifier>
    </Filter>
    <Filter Include="Chimera\modules">
      <UniqueIdentifier>{85656864-e8ce-4655-a713-b808ed388aa0}</UniqueIdentifier>
    </Filter>
    <Filter Include="Chimera\modules\freertos">
      <UniqueIdentifier>{8e7752d4-7afb-4841-a600-d216d85cabb7}</UniqueIdentifier>
    </Filter>
    <Filter Include="Chimera\modules\memory">
      <UniqueIdentifier>{b3416b25-f5c1-401c-aca1-79edaa66566f}</UniqueIdentifier>
    </Filter>
    <Filter Include="Thor\config">
      <UniqueIdentifier>{677d895c-844a-4d5f-b5b5-0016c97e98a9}</UniqueIdentifier>
    </Filter>
    <Filter Include="stm32hal_f4">
      <UniqueIdentifier>{63d8f237-17f3-4472-8815-66e601f4eecd}</UniqueIdentifier>
    </Filter>
    <Filter Include="stm32hal_f4\Device">
      <UniqueIdentifier>{b687c944-ea76-4154-aadf-c21f429c56a6}</UniqueIdentifier>
    </Filter>
    <Filter Include="stm32hal_f4\Device\conf">
      <UniqueIdentifier>{daacddf7-3810-4036-89f7-31afb03af1d1}</UniqueIdentifier>
    </Filter>
    <Filter Include="stm32hal_f4\Device\include">
      <UniqueIdentifier>{1cfbc25d-add5-46d0-9610-c948933929ad}</UniqueIdentifier>
    </Filter>
    <Filter Include="stm32hal_f4\Device\startup">
      <UniqueIdentifier>{af9a5e19-062b-4bc4-b56e-62d59dde925f}</UniqueIdentifier>
    </Filter>
    <Filter Include="stm32hal_f4\Device\sys">
      <UniqueIdentifier>{5dc8f206-76de-4857-a838-df60b7b4c3ed}</UniqueIdentifier>
    </Filter>
    <Filter Include="stm32hal_f4\STM32F4xx_HAL_Driver">
      <UniqueIdentifier>{05bb171f-8119-4396-8705-c53c1bf78430}</UniqueIdentifier>
    </Filter>
    <Filter Include="stm32hal_f4\STM32F4xx_HAL_Driver\Inc">
      <UniqueIdentifier>{35610b2a-3d7c-4d40-8490-9ed47362caea}</UniqueIdentifier>
    </Filter>
    <Filter Include="stm32hal_f4\STM32F4xx_HAL_Driver\Src">
      <UniqueIdentifier>{96ff32a6-63e1-48e0-a608-fdaddac0d291}</UniqueIdentifier>
    </Filter>
    <Filter Include="FreeRTOS">
      <UniqueIdentifier>{3f105ad4-04d9-461f-9c37-e643bf62ea01}</UniqueIdentifier>
    </Filter>
    <Filter Include="FreeRTOS\include">
      <UniqueIdentifier>{cc72a0fb-8655-4a98-9d50-46703bb97257}</UniqueIdentifier>
    </Filter>
    <Filter Include="FreeRTOS\portable">
      <UniqueIdentifier>{4b71e682-560d-4d21-8e0b-c42a7e7589e6}</UniqueIdentifier>
    </Filter>
    <Filter Include="FreeRTOS\portable\GCC">
      <UniqueIdentifier>{4a5c9e80-7bfc-41ff-a78f-4abd426a0e29}</UniqueIdentifier>
    </Filter>
    <Filter Include="FreeRTOS\portable\GCC\ARM_CM4F">
      <UniqueIdentifier>{d99aa336-5de8-439c-9834-abc72fae5f37}</UniqueIdentifier>
    </Filter>
    <Filter Include="FreeRTOS\portable\MemMang">
      <UniqueIdentifier>{c9062205-4b45-475f-b545-d9e70afb49d9}</UniqueIdentifier>
    </Filter>
    <Filter Include="Arche\config">
      <UniqueIdentifier>{b2bda240-dabf-4739-916c-f3e496be3f18}</UniqueIdentifier>
    </Filter>
  </ItemGroup>
  <ItemGroup>
    <None Include="stm32.props">
      <Filter>Source files\Device-specific files</Filter>
    </None>
    <None Include="ArcheFCDevBoard-Debug.vgdbsettings">
      <Filter>VisualGDB settings</Filter>
    </None>
    <None Include="ArcheFCDevBoard-Release.vgdbsettings">
      <Filter>VisualGDB settings</Filter>
    </None>
    <None Include="stm32.xml">
      <Filter>VisualGDB settings</Filter>
    </None>
    <ClCompile Include="..\..\..\..\lib\Chimera\Chimera\chimera.cpp">
      <Filter>Chimera</Filter>
    </ClCompile>
    <ClCompile Include="..\..\..\..\lib\Chimera\Chimera\logging.cpp">
      <Filter>Chimera</Filter>
    </ClCompile>
    <ClCompile Include="..\..\..\..\lib\Chimera\Chimera\threading.cpp">
      <Filter>Chimera</Filter>
    </ClCompile>
    <ClInclude Include="..\..\..\..\lib\Chimera\Chimera\assertion.hpp">
      <Filter>Chimera</Filter>
    </ClInclude>
    <ClInclude Include="..\..\..\..\lib\Chimera\Chimera\chimera.hpp">
      <Filter>Chimera</Filter>
    </ClInclude>
    <ClInclude Include="..\..\..\..\lib\Chimera\Chimera\clock.hpp">
      <Filter>Chimera</Filter>
    </ClInclude>
    <ClInclude Include="..\..\..\..\lib\Chimera\Chimera\gpio.hpp">
      <Filter>Chimera</Filter>
    </ClInclude>
    <ClInclude Include="..\..\..\..\lib\Chimera\Chimera\interface.hpp">
      <Filter>Chimera</Filter>
    </ClInclude>
    <ClInclude Include="..\..\..\..\lib\Chimera\Chimera\logging.hpp">
      <Filter>Chimera</Filter>
    </ClInclude>
    <ClInclude Include="..\..\..\..\lib\Chimera\Chimera\preprocessor.hpp">
      <Filter>Chimera</Filter>
    </ClInclude>
    <ClInclude Include="..\..\..\..\lib\Chimera\Chimera\serial.hpp">
      <Filter>Chimera</Filter>
    </ClInclude>
    <ClInclude Include="..\..\..\..\lib\Chimera\Chimera\spi.hpp">
      <Filter>Chimera</Filter>
    </ClInclude>
    <ClInclude Include="..\..\..\..\lib\Chimera\Chimera\system.hpp">
      <Filter>Chimera</Filter>
    </ClInclude>
    <ClInclude Include="..\..\..\..\lib\Chimera\Chimera\threading.hpp">
      <Filter>Chimera</Filter>
    </ClInclude>
    <ClInclude Include="..\..\..\..\lib\Chimera\Chimera\types.hpp">
      <Filter>Chimera</Filter>
    </ClInclude>
    <ClInclude Include="..\..\..\..\lib\Chimera\Chimera\utilities.hpp">
      <Filter>Chimera</Filter>
    </ClInclude>
    <ClInclude Include="..\..\..\..\lib\Chimera\Chimera\watchdog.hpp">
      <Filter>Chimera</Filter>
    </ClInclude>
    <ClCompile Include="..\..\..\..\lib\Chimera\Chimera\modules\freertos\freertos_hooks_prj.cpp">
      <Filter>Chimera\modules\freertos</Filter>
    </ClCompile>
    <ClInclude Include="..\..\..\..\lib\Chimera\Chimera\modules\freertos\freertos_hooks_prj.hpp">
      <Filter>Chimera\modules\freertos</Filter>
    </ClInclude>
    <ClCompile Include="..\..\..\..\lib\Chimera\Chimera\modules\memory\chimera_flash.cpp">
      <Filter>Chimera\modules\memory</Filter>
    </ClCompile>
    <ClInclude Include="..\..\..\..\lib\Chimera\Chimera\modules\memory\blockDevice.hpp">
      <Filter>Chimera\modules\memory</Filter>
    </ClInclude>
    <ClInclude Include="..\..\..\..\lib\Chimera\Chimera\modules\memory\flash.hpp">
      <Filter>Chimera\modules\memory</Filter>
    </ClInclude>
    <ClInclude Include="..\..\..\..\lib\stm32hal_f4\Device\conf\stm32f4xx_hal_conf.h">
      <Filter>stm32hal_f4\Device\conf</Filter>
    </ClInclude>
    <ClInclude Include="..\..\..\..\lib\stm32hal_f4\Device\include\stm32f401xc.h">
      <Filter>stm32hal_f4\Device\include</Filter>
    </ClInclude>
    <ClInclude Include="..\..\..\..\lib\stm32hal_f4\Device\include\stm32f401xe.h">
      <Filter>stm32hal_f4\Device\include</Filter>
    </ClInclude>
    <ClInclude Include="..\..\..\..\lib\stm32hal_f4\Device\include\stm32f405xx.h">
      <Filter>stm32hal_f4\Device\include</Filter>
    </ClInclude>
    <ClInclude Include="..\..\..\..\lib\stm32hal_f4\Device\include\stm32f407xx.h">
      <Filter>stm32hal_f4\Device\include</Filter>
    </ClInclude>
    <ClInclude Include="..\..\..\..\lib\stm32hal_f4\Device\include\stm32f410cx.h">
      <Filter>stm32hal_f4\Device\include</Filter>
    </ClInclude>
    <ClInclude Include="..\..\..\..\lib\stm32hal_f4\Device\include\stm32f410rx.h">
      <Filter>stm32hal_f4\Device\include</Filter>
    </ClInclude>
    <ClInclude Include="..\..\..\..\lib\stm32hal_f4\Device\include\stm32f410tx.h">
      <Filter>stm32hal_f4\Device\include</Filter>
    </ClInclude>
    <ClInclude Include="..\..\..\..\lib\stm32hal_f4\Device\include\stm32f411xe.h">
      <Filter>stm32hal_f4\Device\include</Filter>
    </ClInclude>
    <ClInclude Include="..\..\..\..\lib\stm32hal_f4\Device\include\stm32f412cx.h">
      <Filter>stm32hal_f4\Device\include</Filter>
    </ClInclude>
    <ClInclude Include="..\..\..\..\lib\stm32hal_f4\Device\include\stm32f412rx.h">
      <Filter>stm32hal_f4\Device\include</Filter>
    </ClInclude>
    <ClInclude Include="..\..\..\..\lib\stm32hal_f4\Device\include\stm32f412vx.h">
      <Filter>stm32hal_f4\Device\include</Filter>
    </ClInclude>
    <ClInclude Include="..\..\..\..\lib\stm32hal_f4\Device\include\stm32f412zx.h">
      <Filter>stm32hal_f4\Device\include</Filter>
    </ClInclude>
    <ClInclude Include="..\..\..\..\lib\stm32hal_f4\Device\include\stm32f413xx.h">
      <Filter>stm32hal_f4\Device\include</Filter>
    </ClInclude>
    <ClInclude Include="..\..\..\..\lib\stm32hal_f4\Device\include\stm32f415xx.h">
      <Filter>stm32hal_f4\Device\include</Filter>
    </ClInclude>
    <ClInclude Include="..\..\..\..\lib\stm32hal_f4\Device\include\stm32f417xx.h">
      <Filter>stm32hal_f4\Device\include</Filter>
    </ClInclude>
    <ClInclude Include="..\..\..\..\lib\stm32hal_f4\Device\include\stm32f423xx.h">
      <Filter>stm32hal_f4\Device\include</Filter>
    </ClInclude>
    <ClInclude Include="..\..\..\..\lib\stm32hal_f4\Device\include\stm32f427xx.h">
      <Filter>stm32hal_f4\Device\include</Filter>
    </ClInclude>
    <ClInclude Include="..\..\..\..\lib\stm32hal_f4\Device\include\stm32f429xx.h">
      <Filter>stm32hal_f4\Device\include</Filter>
    </ClInclude>
    <ClInclude Include="..\..\..\..\lib\stm32hal_f4\Device\include\stm32f437xx.h">
      <Filter>stm32hal_f4\Device\include</Filter>
    </ClInclude>
    <ClInclude Include="..\..\..\..\lib\stm32hal_f4\Device\include\stm32f439xx.h">
      <Filter>stm32hal_f4\Device\include</Filter>
    </ClInclude>
    <ClInclude Include="..\..\..\..\lib\stm32hal_f4\Device\include\stm32f446xx.h">
      <Filter>stm32hal_f4\Device\include</Filter>
    </ClInclude>
    <ClInclude Include="..\..\..\..\lib\stm32hal_f4\Device\include\stm32f469xx.h">
      <Filter>stm32hal_f4\Device\include</Filter>
    </ClInclude>
    <ClInclude Include="..\..\..\..\lib\stm32hal_f4\Device\include\stm32f479xx.h">
      <Filter>stm32hal_f4\Device\include</Filter>
    </ClInclude>
    <ClInclude Include="..\..\..\..\lib\stm32hal_f4\Device\include\stm32f4xx.h">
      <Filter>stm32hal_f4\Device\include</Filter>
    </ClInclude>
    <ClInclude Include="..\..\..\..\lib\stm32hal_f4\Device\include\system_stm32f4xx.h">
      <Filter>stm32hal_f4\Device\include</Filter>
    </ClInclude>
    <ClCompile Include="..\..\..\..\lib\stm32hal_f4\Device\startup\startup_stm32f446xx.c">
      <Filter>stm32hal_f4\Device\startup</Filter>
    </ClCompile>
    <ClCompile Include="..\..\..\..\lib\stm32hal_f4\Device\sys\system_stm32f4xx.c">
      <Filter>stm32hal_f4\Device\sys</Filter>
    </ClCompile>
    <ClInclude Include="..\..\..\..\lib\stm32hal_f4\STM32F4xx_HAL_Driver\Inc\stm32f4xx_hal.h">
      <Filter>stm32hal_f4\STM32F4xx_HAL_Driver\Inc</Filter>
    </ClInclude>
    <ClInclude Include="..\..\..\..\lib\stm32hal_f4\STM32F4xx_HAL_Driver\Inc\stm32f4xx_hal_adc.h">
      <Filter>stm32hal_f4\STM32F4xx_HAL_Driver\Inc</Filter>
    </ClInclude>
    <ClInclude Include="..\..\..\..\lib\stm32hal_f4\STM32F4xx_HAL_Driver\Inc\stm32f4xx_hal_adc_ex.h">
      <Filter>stm32hal_f4\STM32F4xx_HAL_Driver\Inc</Filter>
    </ClInclude>
    <ClInclude Include="..\..\..\..\lib\stm32hal_f4\STM32F4xx_HAL_Driver\Inc\stm32f4xx_hal_can.h">
      <Filter>stm32hal_f4\STM32F4xx_HAL_Driver\Inc</Filter>
    </ClInclude>
    <ClInclude Include="..\..\..\..\lib\stm32hal_f4\STM32F4xx_HAL_Driver\Inc\stm32f4xx_hal_cec.h">
      <Filter>stm32hal_f4\STM32F4xx_HAL_Driver\Inc</Filter>
    </ClInclude>
    <ClInclude Include="..\..\..\..\lib\stm32hal_f4\STM32F4xx_HAL_Driver\Inc\stm32f4xx_hal_cortex.h">
      <Filter>stm32hal_f4\STM32F4xx_HAL_Driver\Inc</Filter>
    </ClInclude>
    <ClInclude Include="..\..\..\..\lib\stm32hal_f4\STM32F4xx_HAL_Driver\Inc\stm32f4xx_hal_crc.h">
      <Filter>stm32hal_f4\STM32F4xx_HAL_Driver\Inc</Filter>
    </ClInclude>
    <ClInclude Include="..\..\..\..\lib\stm32hal_f4\STM32F4xx_HAL_Driver\Inc\stm32f4xx_hal_cryp.h">
      <Filter>stm32hal_f4\STM32F4xx_HAL_Driver\Inc</Filter>
    </ClInclude>
    <ClInclude Include="..\..\..\..\lib\stm32hal_f4\STM32F4xx_HAL_Driver\Inc\stm32f4xx_hal_cryp_ex.h">
      <Filter>stm32hal_f4\STM32F4xx_HAL_Driver\Inc</Filter>
    </ClInclude>
    <ClInclude Include="..\..\..\..\lib\stm32hal_f4\STM32F4xx_HAL_Driver\Inc\stm32f4xx_hal_dac.h">
      <Filter>stm32hal_f4\STM32F4xx_HAL_Driver\Inc</Filter>
    </ClInclude>
    <ClInclude Include="..\..\..\..\lib\stm32hal_f4\STM32F4xx_HAL_Driver\Inc\stm32f4xx_hal_dac_ex.h">
      <Filter>stm32hal_f4\STM32F4xx_HAL_Driver\Inc</Filter>
    </ClInclude>
    <ClInclude Include="..\..\..\..\lib\stm32hal_f4\STM32F4xx_HAL_Driver\Inc\stm32f4xx_hal_dcmi.h">
      <Filter>stm32hal_f4\STM32F4xx_HAL_Driver\Inc</Filter>
    </ClInclude>
    <ClInclude Include="..\..\..\..\lib\stm32hal_f4\STM32F4xx_HAL_Driver\Inc\stm32f4xx_hal_dcmi_ex.h">
      <Filter>stm32hal_f4\STM32F4xx_HAL_Driver\Inc</Filter>
    </ClInclude>
    <ClInclude Include="..\..\..\..\lib\stm32hal_f4\STM32F4xx_HAL_Driver\Inc\stm32f4xx_hal_def.h">
      <Filter>stm32hal_f4\STM32F4xx_HAL_Driver\Inc</Filter>
    </ClInclude>
    <ClInclude Include="..\..\..\..\lib\stm32hal_f4\STM32F4xx_HAL_Driver\Inc\stm32f4xx_hal_dfsdm.h">
      <Filter>stm32hal_f4\STM32F4xx_HAL_Driver\Inc</Filter>
    </ClInclude>
    <ClInclude Include="..\..\..\..\lib\stm32hal_f4\STM32F4xx_HAL_Driver\Inc\stm32f4xx_hal_dma.h">
      <Filter>stm32hal_f4\STM32F4xx_HAL_Driver\Inc</Filter>
    </ClInclude>
    <ClInclude Include="..\..\..\..\lib\stm32hal_f4\STM32F4xx_HAL_Driver\Inc\stm32f4xx_hal_dma2d.h">
      <Filter>stm32hal_f4\STM32F4xx_HAL_Driver\Inc</Filter>
    </ClInclude>
    <ClInclude Include="..\..\..\..\lib\stm32hal_f4\STM32F4xx_HAL_Driver\Inc\stm32f4xx_hal_dma_ex.h">
      <Filter>stm32hal_f4\STM32F4xx_HAL_Driver\Inc</Filter>
    </ClInclude>
    <ClInclude Include="..\..\..\..\lib\stm32hal_f4\STM32F4xx_HAL_Driver\Inc\stm32f4xx_hal_dsi.h">
      <Filter>stm32hal_f4\STM32F4xx_HAL_Driver\Inc</Filter>
    </ClInclude>
    <ClInclude Include="..\..\..\..\lib\stm32hal_f4\STM32F4xx_HAL_Driver\Inc\stm32f4xx_hal_eth.h">
      <Filter>stm32hal_f4\STM32F4xx_HAL_Driver\Inc</Filter>
    </ClInclude>
    <ClInclude Include="..\..\..\..\lib\stm32hal_f4\STM32F4xx_HAL_Driver\Inc\stm32f4xx_hal_flash.h">
      <Filter>stm32hal_f4\STM32F4xx_HAL_Driver\Inc</Filter>
    </ClInclude>
    <ClInclude Include="..\..\..\..\lib\stm32hal_f4\STM32F4xx_HAL_Driver\Inc\stm32f4xx_hal_flash_ex.h">
      <Filter>stm32hal_f4\STM32F4xx_HAL_Driver\Inc</Filter>
    </ClInclude>
    <ClInclude Include="..\..\..\..\lib\stm32hal_f4\STM32F4xx_HAL_Driver\Inc\stm32f4xx_hal_flash_ramfunc.h">
      <Filter>stm32hal_f4\STM32F4xx_HAL_Driver\Inc</Filter>
    </ClInclude>
    <ClInclude Include="..\..\..\..\lib\stm32hal_f4\STM32F4xx_HAL_Driver\Inc\stm32f4xx_hal_fmpi2c.h">
      <Filter>stm32hal_f4\STM32F4xx_HAL_Driver\Inc</Filter>
    </ClInclude>
    <ClInclude Include="..\..\..\..\lib\stm32hal_f4\STM32F4xx_HAL_Driver\Inc\stm32f4xx_hal_fmpi2c_ex.h">
      <Filter>stm32hal_f4\STM32F4xx_HAL_Driver\Inc</Filter>
    </ClInclude>
    <ClInclude Include="..\..\..\..\lib\stm32hal_f4\STM32F4xx_HAL_Driver\Inc\stm32f4xx_hal_gpio.h">
      <Filter>stm32hal_f4\STM32F4xx_HAL_Driver\Inc</Filter>
    </ClInclude>
    <ClInclude Include="..\..\..\..\lib\stm32hal_f4\STM32F4xx_HAL_Driver\Inc\stm32f4xx_hal_gpio_ex.h">
      <Filter>stm32hal_f4\STM32F4xx_HAL_Driver\Inc</Filter>
    </ClInclude>
    <ClInclude Include="..\..\..\..\lib\stm32hal_f4\STM32F4xx_HAL_Driver\Inc\stm32f4xx_hal_hash.h">
      <Filter>stm32hal_f4\STM32F4xx_HAL_Driver\Inc</Filter>
    </ClInclude>
    <ClInclude Include="..\..\..\..\lib\stm32hal_f4\STM32F4xx_HAL_Driver\Inc\stm32f4xx_hal_hash_ex.h">
      <Filter>stm32hal_f4\STM32F4xx_HAL_Driver\Inc</Filter>
    </ClInclude>
    <ClInclude Include="..\..\..\..\lib\stm32hal_f4\STM32F4xx_HAL_Driver\Inc\stm32f4xx_hal_hcd.h">
      <Filter>stm32hal_f4\STM32F4xx_HAL_Driver\Inc</Filter>
    </ClInclude>
    <ClInclude Include="..\..\..\..\lib\stm32hal_f4\STM32F4xx_HAL_Driver\Inc\stm32f4xx_hal_i2c.h">
      <Filter>stm32hal_f4\STM32F4xx_HAL_Driver\Inc</Filter>
    </ClInclude>
    <ClInclude Include="..\..\..\..\lib\stm32hal_f4\STM32F4xx_HAL_Driver\Inc\stm32f4xx_hal_i2c_ex.h">
      <Filter>stm32hal_f4\STM32F4xx_HAL_Driver\Inc</Filter>
    </ClInclude>
    <ClInclude Include="..\..\..\..\lib\stm32hal_f4\STM32F4xx_HAL_Driver\Inc\stm32f4xx_hal_i2s.h">
      <Filter>stm32hal_f4\STM32F4xx_HAL_Driver\Inc</Filter>
    </ClInclude>
    <ClInclude Include="..\..\..\..\lib\stm32hal_f4\STM32F4xx_HAL_Driver\Inc\stm32f4xx_hal_i2s_ex.h">
      <Filter>stm32hal_f4\STM32F4xx_HAL_Driver\Inc</Filter>
    </ClInclude>
    <ClInclude Include="..\..\..\..\lib\stm32hal_f4\STM32F4xx_HAL_Driver\Inc\stm32f4xx_hal_irda.h">
      <Filter>stm32hal_f4\STM32F4xx_HAL_Driver\Inc</Filter>
    </ClInclude>
    <ClInclude Include="..\..\..\..\lib\stm32hal_f4\STM32F4xx_HAL_Driver\Inc\stm32f4xx_hal_iwdg.h">
      <Filter>stm32hal_f4\STM32F4xx_HAL_Driver\Inc</Filter>
    </ClInclude>
    <ClInclude Include="..\..\..\..\lib\stm32hal_f4\STM32F4xx_HAL_Driver\Inc\stm32f4xx_hal_lptim.h">
      <Filter>stm32hal_f4\STM32F4xx_HAL_Driver\Inc</Filter>
    </ClInclude>
    <ClInclude Include="..\..\..\..\lib\stm32hal_f4\STM32F4xx_HAL_Driver\Inc\stm32f4xx_hal_ltdc.h">
      <Filter>stm32hal_f4\STM32F4xx_HAL_Driver\Inc</Filter>
    </ClInclude>
    <ClInclude Include="..\..\..\..\lib\stm32hal_f4\STM32F4xx_HAL_Driver\Inc\stm32f4xx_hal_ltdc_ex.h">
      <Filter>stm32hal_f4\STM32F4xx_HAL_Driver\Inc</Filter>
    </ClInclude>
    <ClInclude Include="..\..\..\..\lib\stm32hal_f4\STM32F4xx_HAL_Driver\Inc\stm32f4xx_hal_mmc.h">
      <Filter>stm32hal_f4\STM32F4xx_HAL_Driver\Inc</Filter>
    </ClInclude>
    <ClInclude Include="..\..\..\..\lib\stm32hal_f4\STM32F4xx_HAL_Driver\Inc\stm32f4xx_hal_nand.h">
      <Filter>stm32hal_f4\STM32F4xx_HAL_Driver\Inc</Filter>
    </ClInclude>
    <ClInclude Include="..\..\..\..\lib\stm32hal_f4\STM32F4xx_HAL_Driver\Inc\stm32f4xx_hal_nor.h">
      <Filter>stm32hal_f4\STM32F4xx_HAL_Driver\Inc</Filter>
    </ClInclude>
    <ClInclude Include="..\..\..\..\lib\stm32hal_f4\STM32F4xx_HAL_Driver\Inc\stm32f4xx_hal_pccard.h">
      <Filter>stm32hal_f4\STM32F4xx_HAL_Driver\Inc</Filter>
    </ClInclude>
    <ClInclude Include="..\..\..\..\lib\stm32hal_f4\STM32F4xx_HAL_Driver\Inc\stm32f4xx_hal_pcd.h">
      <Filter>stm32hal_f4\STM32F4xx_HAL_Driver\Inc</Filter>
    </ClInclude>
    <ClInclude Include="..\..\..\..\lib\stm32hal_f4\STM32F4xx_HAL_Driver\Inc\stm32f4xx_hal_pcd_ex.h">
      <Filter>stm32hal_f4\STM32F4xx_HAL_Driver\Inc</Filter>
    </ClInclude>
    <ClInclude Include="..\..\..\..\lib\stm32hal_f4\STM32F4xx_HAL_Driver\Inc\stm32f4xx_hal_pwr.h">
      <Filter>stm32hal_f4\STM32F4xx_HAL_Driver\Inc</Filter>
    </ClInclude>
    <ClInclude Include="..\..\..\..\lib\stm32hal_f4\STM32F4xx_HAL_Driver\Inc\stm32f4xx_hal_pwr_ex.h">
      <Filter>stm32hal_f4\STM32F4xx_HAL_Driver\Inc</Filter>
    </ClInclude>
    <ClInclude Include="..\..\..\..\lib\stm32hal_f4\STM32F4xx_HAL_Driver\Inc\stm32f4xx_hal_qspi.h">
      <Filter>stm32hal_f4\STM32F4xx_HAL_Driver\Inc</Filter>
    </ClInclude>
    <ClInclude Include="..\..\..\..\lib\stm32hal_f4\STM32F4xx_HAL_Driver\Inc\stm32f4xx_hal_rcc.h">
      <Filter>stm32hal_f4\STM32F4xx_HAL_Driver\Inc</Filter>
    </ClInclude>
    <ClInclude Include="..\..\..\..\lib\stm32hal_f4\STM32F4xx_HAL_Driver\Inc\stm32f4xx_hal_rcc_ex.h">
      <Filter>stm32hal_f4\STM32F4xx_HAL_Driver\Inc</Filter>
    </ClInclude>
    <ClInclude Include="..\..\..\..\lib\stm32hal_f4\STM32F4xx_HAL_Driver\Inc\stm32f4xx_hal_rng.h">
      <Filter>stm32hal_f4\STM32F4xx_HAL_Driver\Inc</Filter>
    </ClInclude>
    <ClInclude Include="..\..\..\..\lib\stm32hal_f4\STM32F4xx_HAL_Driver\Inc\stm32f4xx_hal_rtc.h">
      <Filter>stm32hal_f4\STM32F4xx_HAL_Driver\Inc</Filter>
    </ClInclude>
    <ClInclude Include="..\..\..\..\lib\stm32hal_f4\STM32F4xx_HAL_Driver\Inc\stm32f4xx_hal_rtc_ex.h">
      <Filter>stm32hal_f4\STM32F4xx_HAL_Driver\Inc</Filter>
    </ClInclude>
    <ClInclude Include="..\..\..\..\lib\stm32hal_f4\STM32F4xx_HAL_Driver\Inc\stm32f4xx_hal_sai.h">
      <Filter>stm32hal_f4\STM32F4xx_HAL_Driver\Inc</Filter>
    </ClInclude>
    <ClInclude Include="..\..\..\..\lib\stm32hal_f4\STM32F4xx_HAL_Driver\Inc\stm32f4xx_hal_sai_ex.h">
      <Filter>stm32hal_f4\STM32F4xx_HAL_Driver\Inc</Filter>
    </ClInclude>
    <ClInclude Include="..\..\..\..\lib\stm32hal_f4\STM32F4xx_HAL_Driver\Inc\stm32f4xx_hal_sd.h">
      <Filter>stm32hal_f4\STM32F4xx_HAL_Driver\Inc</Filter>
    </ClInclude>
    <ClInclude Include="..\..\..\..\lib\stm32hal_f4\STM32F4xx_HAL_Driver\Inc\stm32f4xx_hal_sdram.h">
      <Filter>stm32hal_f4\STM32F4xx_HAL_Driver\Inc</Filter>
    </ClInclude>
    <ClInclude Include="..\..\..\..\lib\stm32hal_f4\STM32F4xx_HAL_Driver\Inc\stm32f4xx_hal_smartcard.h">
      <Filter>stm32hal_f4\STM32F4xx_HAL_Driver\Inc</Filter>
    </ClInclude>
    <ClInclude Include="..\..\..\..\lib\stm32hal_f4\STM32F4xx_HAL_Driver\Inc\stm32f4xx_hal_spdifrx.h">
      <Filter>stm32hal_f4\STM32F4xx_HAL_Driver\Inc</Filter>
    </ClInclude>
    <ClInclude Include="..\..\..\..\lib\stm32hal_f4\STM32F4xx_HAL_Driver\Inc\stm32f4xx_hal_spi.h">
      <Filter>stm32hal_f4\STM32F4xx_HAL_Driver\Inc</Filter>
    </ClInclude>
    <ClInclude Include="..\..\..\..\lib\stm32hal_f4\STM32F4xx_HAL_Driver\Inc\stm32f4xx_hal_sram.h">
      <Filter>stm32hal_f4\STM32F4xx_HAL_Driver\Inc</Filter>
    </ClInclude>
    <ClInclude Include="..\..\..\..\lib\stm32hal_f4\STM32F4xx_HAL_Driver\Inc\stm32f4xx_hal_tim.h">
      <Filter>stm32hal_f4\STM32F4xx_HAL_Driver\Inc</Filter>
    </ClInclude>
    <ClInclude Include="..\..\..\..\lib\stm32hal_f4\STM32F4xx_HAL_Driver\Inc\stm32f4xx_hal_tim_ex.h">
      <Filter>stm32hal_f4\STM32F4xx_HAL_Driver\Inc</Filter>
    </ClInclude>
    <ClInclude Include="..\..\..\..\lib\stm32hal_f4\STM32F4xx_HAL_Driver\Inc\stm32f4xx_hal_uart.h">
      <Filter>stm32hal_f4\STM32F4xx_HAL_Driver\Inc</Filter>
    </ClInclude>
    <ClInclude Include="..\..\..\..\lib\stm32hal_f4\STM32F4xx_HAL_Driver\Inc\stm32f4xx_hal_usart.h">
      <Filter>stm32hal_f4\STM32F4xx_HAL_Driver\Inc</Filter>
    </ClInclude>
    <ClInclude Include="..\..\..\..\lib\stm32hal_f4\STM32F4xx_HAL_Driver\Inc\stm32f4xx_hal_wwdg.h">
      <Filter>stm32hal_f4\STM32F4xx_HAL_Driver\Inc</Filter>
    </ClInclude>
    <ClInclude Include="..\..\..\..\lib\stm32hal_f4\STM32F4xx_HAL_Driver\Inc\stm32f4xx_ll_adc.h">
      <Filter>stm32hal_f4\STM32F4xx_HAL_Driver\Inc</Filter>
    </ClInclude>
    <ClInclude Include="..\..\..\..\lib\stm32hal_f4\STM32F4xx_HAL_Driver\Inc\stm32f4xx_ll_bus.h">
      <Filter>stm32hal_f4\STM32F4xx_HAL_Driver\Inc</Filter>
    </ClInclude>
    <ClInclude Include="..\..\..\..\lib\stm32hal_f4\STM32F4xx_HAL_Driver\Inc\stm32f4xx_ll_cortex.h">
      <Filter>stm32hal_f4\STM32F4xx_HAL_Driver\Inc</Filter>
    </ClInclude>
    <ClInclude Include="..\..\..\..\lib\stm32hal_f4\STM32F4xx_HAL_Driver\Inc\stm32f4xx_ll_crc.h">
      <Filter>stm32hal_f4\STM32F4xx_HAL_Driver\Inc</Filter>
    </ClInclude>
    <ClInclude Include="..\..\..\..\lib\stm32hal_f4\STM32F4xx_HAL_Driver\Inc\stm32f4xx_ll_dac.h">
      <Filter>stm32hal_f4\STM32F4xx_HAL_Driver\Inc</Filter>
    </ClInclude>
    <ClInclude Include="..\..\..\..\lib\stm32hal_f4\STM32F4xx_HAL_Driver\Inc\stm32f4xx_ll_dma.h">
      <Filter>stm32hal_f4\STM32F4xx_HAL_Driver\Inc</Filter>
    </ClInclude>
    <ClInclude Include="..\..\..\..\lib\stm32hal_f4\STM32F4xx_HAL_Driver\Inc\stm32f4xx_ll_dma2d.h">
      <Filter>stm32hal_f4\STM32F4xx_HAL_Driver\Inc</Filter>
    </ClInclude>
    <ClInclude Include="..\..\..\..\lib\stm32hal_f4\STM32F4xx_HAL_Driver\Inc\stm32f4xx_ll_exti.h">
      <Filter>stm32hal_f4\STM32F4xx_HAL_Driver\Inc</Filter>
    </ClInclude>
    <ClInclude Include="..\..\..\..\lib\stm32hal_f4\STM32F4xx_HAL_Driver\Inc\stm32f4xx_ll_fmc.h">
      <Filter>stm32hal_f4\STM32F4xx_HAL_Driver\Inc</Filter>
    </ClInclude>
    <ClInclude Include="..\..\..\..\lib\stm32hal_f4\STM32F4xx_HAL_Driver\Inc\stm32f4xx_ll_fsmc.h">
      <Filter>stm32hal_f4\STM32F4xx_HAL_Driver\Inc</Filter>
    </ClInclude>
    <ClInclude Include="..\..\..\..\lib\stm32hal_f4\STM32F4xx_HAL_Driver\Inc\stm32f4xx_ll_gpio.h">
      <Filter>stm32hal_f4\STM32F4xx_HAL_Driver\Inc</Filter>
    </ClInclude>
    <ClInclude Include="..\..\..\..\lib\stm32hal_f4\STM32F4xx_HAL_Driver\Inc\stm32f4xx_ll_i2c.h">
      <Filter>stm32hal_f4\STM32F4xx_HAL_Driver\Inc</Filter>
    </ClInclude>
    <ClInclude Include="..\..\..\..\lib\stm32hal_f4\STM32F4xx_HAL_Driver\Inc\stm32f4xx_ll_iwdg.h">
      <Filter>stm32hal_f4\STM32F4xx_HAL_Driver\Inc</Filter>
    </ClInclude>
    <ClInclude Include="..\..\..\..\lib\stm32hal_f4\STM32F4xx_HAL_Driver\Inc\stm32f4xx_ll_lptim.h">
      <Filter>stm32hal_f4\STM32F4xx_HAL_Driver\Inc</Filter>
    </ClInclude>
    <ClInclude Include="..\..\..\..\lib\stm32hal_f4\STM32F4xx_HAL_Driver\Inc\stm32f4xx_ll_pwr.h">
      <Filter>stm32hal_f4\STM32F4xx_HAL_Driver\Inc</Filter>
    </ClInclude>
    <ClInclude Include="..\..\..\..\lib\stm32hal_f4\STM32F4xx_HAL_Driver\Inc\stm32f4xx_ll_rcc.h">
      <Filter>stm32hal_f4\STM32F4xx_HAL_Driver\Inc</Filter>
    </ClInclude>
    <ClInclude Include="..\..\..\..\lib\stm32hal_f4\STM32F4xx_HAL_Driver\Inc\stm32f4xx_ll_rng.h">
      <Filter>stm32hal_f4\STM32F4xx_HAL_Driver\Inc</Filter>
    </ClInclude>
    <ClInclude Include="..\..\..\..\lib\stm32hal_f4\STM32F4xx_HAL_Driver\Inc\stm32f4xx_ll_rtc.h">
      <Filter>stm32hal_f4\STM32F4xx_HAL_Driver\Inc</Filter>
    </ClInclude>
    <ClInclude Include="..\..\..\..\lib\stm32hal_f4\STM32F4xx_HAL_Driver\Inc\stm32f4xx_ll_sdmmc.h">
      <Filter>stm32hal_f4\STM32F4xx_HAL_Driver\Inc</Filter>
    </ClInclude>
    <ClInclude Include="..\..\..\..\lib\stm32hal_f4\STM32F4xx_HAL_Driver\Inc\stm32f4xx_ll_spi.h">
      <Filter>stm32hal_f4\STM32F4xx_HAL_Driver\Inc</Filter>
    </ClInclude>
    <ClInclude Include="..\..\..\..\lib\stm32hal_f4\STM32F4xx_HAL_Driver\Inc\stm32f4xx_ll_system.h">
      <Filter>stm32hal_f4\STM32F4xx_HAL_Driver\Inc</Filter>
    </ClInclude>
    <ClInclude Include="..\..\..\..\lib\stm32hal_f4\STM32F4xx_HAL_Driver\Inc\stm32f4xx_ll_tim.h">
      <Filter>stm32hal_f4\STM32F4xx_HAL_Driver\Inc</Filter>
    </ClInclude>
    <ClInclude Include="..\..\..\..\lib\stm32hal_f4\STM32F4xx_HAL_Driver\Inc\stm32f4xx_ll_usart.h">
      <Filter>stm32hal_f4\STM32F4xx_HAL_Driver\Inc</Filter>
    </ClInclude>
    <ClInclude Include="..\..\..\..\lib\stm32hal_f4\STM32F4xx_HAL_Driver\Inc\stm32f4xx_ll_usb.h">
      <Filter>stm32hal_f4\STM32F4xx_HAL_Driver\Inc</Filter>
    </ClInclude>
    <ClInclude Include="..\..\..\..\lib\stm32hal_f4\STM32F4xx_HAL_Driver\Inc\stm32f4xx_ll_utils.h">
      <Filter>stm32hal_f4\STM32F4xx_HAL_Driver\Inc</Filter>
    </ClInclude>
    <ClInclude Include="..\..\..\..\lib\stm32hal_f4\STM32F4xx_HAL_Driver\Inc\stm32f4xx_ll_wwdg.h">
      <Filter>stm32hal_f4\STM32F4xx_HAL_Driver\Inc</Filter>
    </ClInclude>
    <ClCompile Include="..\..\..\..\lib\stm32hal_f4\STM32F4xx_HAL_Driver\Src\stm32f4xx_hal.c">
      <Filter>stm32hal_f4\STM32F4xx_HAL_Driver\Src</Filter>
    </ClCompile>
    <ClCompile Include="..\..\..\..\lib\stm32hal_f4\STM32F4xx_HAL_Driver\Src\stm32f4xx_hal_adc.c">
      <Filter>stm32hal_f4\STM32F4xx_HAL_Driver\Src</Filter>
    </ClCompile>
    <ClCompile Include="..\..\..\..\lib\stm32hal_f4\STM32F4xx_HAL_Driver\Src\stm32f4xx_hal_adc_ex.c">
      <Filter>stm32hal_f4\STM32F4xx_HAL_Driver\Src</Filter>
    </ClCompile>
    <ClCompile Include="..\..\..\..\lib\stm32hal_f4\STM32F4xx_HAL_Driver\Src\stm32f4xx_hal_can.c">
      <Filter>stm32hal_f4\STM32F4xx_HAL_Driver\Src</Filter>
    </ClCompile>
    <ClCompile Include="..\..\..\..\lib\stm32hal_f4\STM32F4xx_HAL_Driver\Src\stm32f4xx_hal_cec.c">
      <Filter>stm32hal_f4\STM32F4xx_HAL_Driver\Src</Filter>
    </ClCompile>
    <ClCompile Include="..\..\..\..\lib\stm32hal_f4\STM32F4xx_HAL_Driver\Src\stm32f4xx_hal_cortex.c">
      <Filter>stm32hal_f4\STM32F4xx_HAL_Driver\Src</Filter>
    </ClCompile>
    <ClCompile Include="..\..\..\..\lib\stm32hal_f4\STM32F4xx_HAL_Driver\Src\stm32f4xx_hal_crc.c">
      <Filter>stm32hal_f4\STM32F4xx_HAL_Driver\Src</Filter>
    </ClCompile>
    <ClCompile Include="..\..\..\..\lib\stm32hal_f4\STM32F4xx_HAL_Driver\Src\stm32f4xx_hal_cryp.c">
      <Filter>stm32hal_f4\STM32F4xx_HAL_Driver\Src</Filter>
    </ClCompile>
    <ClCompile Include="..\..\..\..\lib\stm32hal_f4\STM32F4xx_HAL_Driver\Src\stm32f4xx_hal_cryp_ex.c">
      <Filter>stm32hal_f4\STM32F4xx_HAL_Driver\Src</Filter>
    </ClCompile>
    <ClCompile Include="..\..\..\..\lib\stm32hal_f4\STM32F4xx_HAL_Driver\Src\stm32f4xx_hal_dac.c">
      <Filter>stm32hal_f4\STM32F4xx_HAL_Driver\Src</Filter>
    </ClCompile>
    <ClCompile Include="..\..\..\..\lib\stm32hal_f4\STM32F4xx_HAL_Driver\Src\stm32f4xx_hal_dac_ex.c">
      <Filter>stm32hal_f4\STM32F4xx_HAL_Driver\Src</Filter>
    </ClCompile>
    <ClCompile Include="..\..\..\..\lib\stm32hal_f4\STM32F4xx_HAL_Driver\Src\stm32f4xx_hal_dcmi.c">
      <Filter>stm32hal_f4\STM32F4xx_HAL_Driver\Src</Filter>
    </ClCompile>
    <ClCompile Include="..\..\..\..\lib\stm32hal_f4\STM32F4xx_HAL_Driver\Src\stm32f4xx_hal_dcmi_ex.c">
      <Filter>stm32hal_f4\STM32F4xx_HAL_Driver\Src</Filter>
    </ClCompile>
    <ClCompile Include="..\..\..\..\lib\stm32hal_f4\STM32F4xx_HAL_Driver\Src\stm32f4xx_hal_dfsdm.c">
      <Filter>stm32hal_f4\STM32F4xx_HAL_Driver\Src</Filter>
    </ClCompile>
    <ClCompile Include="..\..\..\..\lib\stm32hal_f4\STM32F4xx_HAL_Driver\Src\stm32f4xx_hal_dma.c">
      <Filter>stm32hal_f4\STM32F4xx_HAL_Driver\Src</Filter>
    </ClCompile>
    <ClCompile Include="..\..\..\..\lib\stm32hal_f4\STM32F4xx_HAL_Driver\Src\stm32f4xx_hal_dma2d.c">
      <Filter>stm32hal_f4\STM32F4xx_HAL_Driver\Src</Filter>
    </ClCompile>
    <ClCompile Include="..\..\..\..\lib\stm32hal_f4\STM32F4xx_HAL_Driver\Src\stm32f4xx_hal_dma_ex.c">
      <Filter>stm32hal_f4\STM32F4xx_HAL_Driver\Src</Filter>
    </ClCompile>
    <ClCompile Include="..\..\..\..\lib\stm32hal_f4\STM32F4xx_HAL_Driver\Src\stm32f4xx_hal_dsi.c">
      <Filter>stm32hal_f4\STM32F4xx_HAL_Driver\Src</Filter>
    </ClCompile>
    <ClCompile Include="..\..\..\..\lib\stm32hal_f4\STM32F4xx_HAL_Driver\Src\stm32f4xx_hal_eth.c">
      <Filter>stm32hal_f4\STM32F4xx_HAL_Driver\Src</Filter>
    </ClCompile>
    <ClCompile Include="..\..\..\..\lib\stm32hal_f4\STM32F4xx_HAL_Driver\Src\stm32f4xx_hal_flash.c">
      <Filter>stm32hal_f4\STM32F4xx_HAL_Driver\Src</Filter>
    </ClCompile>
    <ClCompile Include="..\..\..\..\lib\stm32hal_f4\STM32F4xx_HAL_Driver\Src\stm32f4xx_hal_flash_ex.c">
      <Filter>stm32hal_f4\STM32F4xx_HAL_Driver\Src</Filter>
    </ClCompile>
    <ClCompile Include="..\..\..\..\lib\stm32hal_f4\STM32F4xx_HAL_Driver\Src\stm32f4xx_hal_flash_ramfunc.c">
      <Filter>stm32hal_f4\STM32F4xx_HAL_Driver\Src</Filter>
    </ClCompile>
    <ClCompile Include="..\..\..\..\lib\stm32hal_f4\STM32F4xx_HAL_Driver\Src\stm32f4xx_hal_fmpi2c.c">
      <Filter>stm32hal_f4\STM32F4xx_HAL_Driver\Src</Filter>
    </ClCompile>
    <ClCompile Include="..\..\..\..\lib\stm32hal_f4\STM32F4xx_HAL_Driver\Src\stm32f4xx_hal_fmpi2c_ex.c">
      <Filter>stm32hal_f4\STM32F4xx_HAL_Driver\Src</Filter>
    </ClCompile>
    <ClCompile Include="..\..\..\..\lib\stm32hal_f4\STM32F4xx_HAL_Driver\Src\stm32f4xx_hal_gpio.c">
      <Filter>stm32hal_f4\STM32F4xx_HAL_Driver\Src</Filter>
    </ClCompile>
    <ClCompile Include="..\..\..\..\lib\stm32hal_f4\STM32F4xx_HAL_Driver\Src\stm32f4xx_hal_hash.c">
      <Filter>stm32hal_f4\STM32F4xx_HAL_Driver\Src</Filter>
    </ClCompile>
    <ClCompile Include="..\..\..\..\lib\stm32hal_f4\STM32F4xx_HAL_Driver\Src\stm32f4xx_hal_hash_ex.c">
      <Filter>stm32hal_f4\STM32F4xx_HAL_Driver\Src</Filter>
    </ClCompile>
    <ClCompile Include="..\..\..\..\lib\stm32hal_f4\STM32F4xx_HAL_Driver\Src\stm32f4xx_hal_hcd.c">
      <Filter>stm32hal_f4\STM32F4xx_HAL_Driver\Src</Filter>
    </ClCompile>
    <ClCompile Include="..\..\..\..\lib\stm32hal_f4\STM32F4xx_HAL_Driver\Src\stm32f4xx_hal_i2c.c">
      <Filter>stm32hal_f4\STM32F4xx_HAL_Driver\Src</Filter>
    </ClCompile>
    <ClCompile Include="..\..\..\..\lib\stm32hal_f4\STM32F4xx_HAL_Driver\Src\stm32f4xx_hal_i2c_ex.c">
      <Filter>stm32hal_f4\STM32F4xx_HAL_Driver\Src</Filter>
    </ClCompile>
    <ClCompile Include="..\..\..\..\lib\stm32hal_f4\STM32F4xx_HAL_Driver\Src\stm32f4xx_hal_i2s.c">
      <Filter>stm32hal_f4\STM32F4xx_HAL_Driver\Src</Filter>
    </ClCompile>
    <ClCompile Include="..\..\..\..\lib\stm32hal_f4\STM32F4xx_HAL_Driver\Src\stm32f4xx_hal_i2s_ex.c">
      <Filter>stm32hal_f4\STM32F4xx_HAL_Driver\Src</Filter>
    </ClCompile>
    <ClCompile Include="..\..\..\..\lib\stm32hal_f4\STM32F4xx_HAL_Driver\Src\stm32f4xx_hal_irda.c">
      <Filter>stm32hal_f4\STM32F4xx_HAL_Driver\Src</Filter>
    </ClCompile>
    <ClCompile Include="..\..\..\..\lib\stm32hal_f4\STM32F4xx_HAL_Driver\Src\stm32f4xx_hal_iwdg.c">
      <Filter>stm32hal_f4\STM32F4xx_HAL_Driver\Src</Filter>
    </ClCompile>
    <ClCompile Include="..\..\..\..\lib\stm32hal_f4\STM32F4xx_HAL_Driver\Src\stm32f4xx_hal_lptim.c">
      <Filter>stm32hal_f4\STM32F4xx_HAL_Driver\Src</Filter>
    </ClCompile>
    <ClCompile Include="..\..\..\..\lib\stm32hal_f4\STM32F4xx_HAL_Driver\Src\stm32f4xx_hal_ltdc.c">
      <Filter>stm32hal_f4\STM32F4xx_HAL_Driver\Src</Filter>
    </ClCompile>
    <ClCompile Include="..\..\..\..\lib\stm32hal_f4\STM32F4xx_HAL_Driver\Src\stm32f4xx_hal_ltdc_ex.c">
      <Filter>stm32hal_f4\STM32F4xx_HAL_Driver\Src</Filter>
    </ClCompile>
    <ClCompile Include="..\..\..\..\lib\stm32hal_f4\STM32F4xx_HAL_Driver\Src\stm32f4xx_hal_mmc.c">
      <Filter>stm32hal_f4\STM32F4xx_HAL_Driver\Src</Filter>
    </ClCompile>
    <ClCompile Include="..\..\..\..\lib\stm32hal_f4\STM32F4xx_HAL_Driver\Src\stm32f4xx_hal_nand.c">
      <Filter>stm32hal_f4\STM32F4xx_HAL_Driver\Src</Filter>
    </ClCompile>
    <ClCompile Include="..\..\..\..\lib\stm32hal_f4\STM32F4xx_HAL_Driver\Src\stm32f4xx_hal_nor.c">
      <Filter>stm32hal_f4\STM32F4xx_HAL_Driver\Src</Filter>
    </ClCompile>
    <ClCompile Include="..\..\..\..\lib\stm32hal_f4\STM32F4xx_HAL_Driver\Src\stm32f4xx_hal_pccard.c">
      <Filter>stm32hal_f4\STM32F4xx_HAL_Driver\Src</Filter>
    </ClCompile>
    <ClCompile Include="..\..\..\..\lib\stm32hal_f4\STM32F4xx_HAL_Driver\Src\stm32f4xx_hal_pcd.c">
      <Filter>stm32hal_f4\STM32F4xx_HAL_Driver\Src</Filter>
    </ClCompile>
    <ClCompile Include="..\..\..\..\lib\stm32hal_f4\STM32F4xx_HAL_Driver\Src\stm32f4xx_hal_pcd_ex.c">
      <Filter>stm32hal_f4\STM32F4xx_HAL_Driver\Src</Filter>
    </ClCompile>
    <ClCompile Include="..\..\..\..\lib\stm32hal_f4\STM32F4xx_HAL_Driver\Src\stm32f4xx_hal_pwr.c">
      <Filter>stm32hal_f4\STM32F4xx_HAL_Driver\Src</Filter>
    </ClCompile>
    <ClCompile Include="..\..\..\..\lib\stm32hal_f4\STM32F4xx_HAL_Driver\Src\stm32f4xx_hal_pwr_ex.c">
      <Filter>stm32hal_f4\STM32F4xx_HAL_Driver\Src</Filter>
    </ClCompile>
    <ClCompile Include="..\..\..\..\lib\stm32hal_f4\STM32F4xx_HAL_Driver\Src\stm32f4xx_hal_qspi.c">
      <Filter>stm32hal_f4\STM32F4xx_HAL_Driver\Src</Filter>
    </ClCompile>
    <ClCompile Include="..\..\..\..\lib\stm32hal_f4\STM32F4xx_HAL_Driver\Src\stm32f4xx_hal_rcc.c">
      <Filter>stm32hal_f4\STM32F4xx_HAL_Driver\Src</Filter>
    </ClCompile>
    <ClCompile Include="..\..\..\..\lib\stm32hal_f4\STM32F4xx_HAL_Driver\Src\stm32f4xx_hal_rcc_ex.c">
      <Filter>stm32hal_f4\STM32F4xx_HAL_Driver\Src</Filter>
    </ClCompile>
    <ClCompile Include="..\..\..\..\lib\stm32hal_f4\STM32F4xx_HAL_Driver\Src\stm32f4xx_hal_rng.c">
      <Filter>stm32hal_f4\STM32F4xx_HAL_Driver\Src</Filter>
    </ClCompile>
    <ClCompile Include="..\..\..\..\lib\stm32hal_f4\STM32F4xx_HAL_Driver\Src\stm32f4xx_hal_rtc.c">
      <Filter>stm32hal_f4\STM32F4xx_HAL_Driver\Src</Filter>
    </ClCompile>
    <ClCompile Include="..\..\..\..\lib\stm32hal_f4\STM32F4xx_HAL_Driver\Src\stm32f4xx_hal_rtc_ex.c">
      <Filter>stm32hal_f4\STM32F4xx_HAL_Driver\Src</Filter>
    </ClCompile>
    <ClCompile Include="..\..\..\..\lib\stm32hal_f4\STM32F4xx_HAL_Driver\Src\stm32f4xx_hal_sai.c">
      <Filter>stm32hal_f4\STM32F4xx_HAL_Driver\Src</Filter>
    </ClCompile>
    <ClCompile Include="..\..\..\..\lib\stm32hal_f4\STM32F4xx_HAL_Driver\Src\stm32f4xx_hal_sai_ex.c">
      <Filter>stm32hal_f4\STM32F4xx_HAL_Driver\Src</Filter>
    </ClCompile>
    <ClCompile Include="..\..\..\..\lib\stm32hal_f4\STM32F4xx_HAL_Driver\Src\stm32f4xx_hal_sd.c">
      <Filter>stm32hal_f4\STM32F4xx_HAL_Driver\Src</Filter>
    </ClCompile>
    <ClCompile Include="..\..\..\..\lib\stm32hal_f4\STM32F4xx_HAL_Driver\Src\stm32f4xx_hal_sdram.c">
      <Filter>stm32hal_f4\STM32F4xx_HAL_Driver\Src</Filter>
    </ClCompile>
    <ClCompile Include="..\..\..\..\lib\stm32hal_f4\STM32F4xx_HAL_Driver\Src\stm32f4xx_hal_smartcard.c">
      <Filter>stm32hal_f4\STM32F4xx_HAL_Driver\Src</Filter>
    </ClCompile>
    <ClCompile Include="..\..\..\..\lib\stm32hal_f4\STM32F4xx_HAL_Driver\Src\stm32f4xx_hal_spdifrx.c">
      <Filter>stm32hal_f4\STM32F4xx_HAL_Driver\Src</Filter>
    </ClCompile>
    <ClCompile Include="..\..\..\..\lib\stm32hal_f4\STM32F4xx_HAL_Driver\Src\stm32f4xx_hal_spi.c">
      <Filter>stm32hal_f4\STM32F4xx_HAL_Driver\Src</Filter>
    </ClCompile>
    <ClCompile Include="..\..\..\..\lib\stm32hal_f4\STM32F4xx_HAL_Driver\Src\stm32f4xx_hal_sram.c">
      <Filter>stm32hal_f4\STM32F4xx_HAL_Driver\Src</Filter>
    </ClCompile>
    <ClCompile Include="..\..\..\..\lib\stm32hal_f4\STM32F4xx_HAL_Driver\Src\stm32f4xx_hal_tim.c">
      <Filter>stm32hal_f4\STM32F4xx_HAL_Driver\Src</Filter>
    </ClCompile>
    <ClCompile Include="..\..\..\..\lib\stm32hal_f4\STM32F4xx_HAL_Driver\Src\stm32f4xx_hal_tim_ex.c">
      <Filter>stm32hal_f4\STM32F4xx_HAL_Driver\Src</Filter>
    </ClCompile>
    <ClCompile Include="..\..\..\..\lib\stm32hal_f4\STM32F4xx_HAL_Driver\Src\stm32f4xx_hal_uart.c">
      <Filter>stm32hal_f4\STM32F4xx_HAL_Driver\Src</Filter>
    </ClCompile>
    <ClCompile Include="..\..\..\..\lib\stm32hal_f4\STM32F4xx_HAL_Driver\Src\stm32f4xx_hal_usart.c">
      <Filter>stm32hal_f4\STM32F4xx_HAL_Driver\Src</Filter>
    </ClCompile>
    <ClCompile Include="..\..\..\..\lib\stm32hal_f4\STM32F4xx_HAL_Driver\Src\stm32f4xx_hal_wwdg.c">
      <Filter>stm32hal_f4\STM32F4xx_HAL_Driver\Src</Filter>
    </ClCompile>
    <ClCompile Include="..\..\..\..\lib\stm32hal_f4\STM32F4xx_HAL_Driver\Src\stm32f4xx_ll_adc.c">
      <Filter>stm32hal_f4\STM32F4xx_HAL_Driver\Src</Filter>
    </ClCompile>
    <ClCompile Include="..\..\..\..\lib\stm32hal_f4\STM32F4xx_HAL_Driver\Src\stm32f4xx_ll_crc.c">
      <Filter>stm32hal_f4\STM32F4xx_HAL_Driver\Src</Filter>
    </ClCompile>
    <ClCompile Include="..\..\..\..\lib\stm32hal_f4\STM32F4xx_HAL_Driver\Src\stm32f4xx_ll_dac.c">
      <Filter>stm32hal_f4\STM32F4xx_HAL_Driver\Src</Filter>
    </ClCompile>
    <ClCompile Include="..\..\..\..\lib\stm32hal_f4\STM32F4xx_HAL_Driver\Src\stm32f4xx_ll_dma.c">
      <Filter>stm32hal_f4\STM32F4xx_HAL_Driver\Src</Filter>
    </ClCompile>
    <ClCompile Include="..\..\..\..\lib\stm32hal_f4\STM32F4xx_HAL_Driver\Src\stm32f4xx_ll_dma2d.c">
      <Filter>stm32hal_f4\STM32F4xx_HAL_Driver\Src</Filter>
    </ClCompile>
    <ClCompile Include="..\..\..\..\lib\stm32hal_f4\STM32F4xx_HAL_Driver\Src\stm32f4xx_ll_exti.c">
      <Filter>stm32hal_f4\STM32F4xx_HAL_Driver\Src</Filter>
    </ClCompile>
    <ClCompile Include="..\..\..\..\lib\stm32hal_f4\STM32F4xx_HAL_Driver\Src\stm32f4xx_ll_fmc.c">
      <Filter>stm32hal_f4\STM32F4xx_HAL_Driver\Src</Filter>
    </ClCompile>
    <ClCompile Include="..\..\..\..\lib\stm32hal_f4\STM32F4xx_HAL_Driver\Src\stm32f4xx_ll_fsmc.c">
      <Filter>stm32hal_f4\STM32F4xx_HAL_Driver\Src</Filter>
    </ClCompile>
    <ClCompile Include="..\..\..\..\lib\stm32hal_f4\STM32F4xx_HAL_Driver\Src\stm32f4xx_ll_gpio.c">
      <Filter>stm32hal_f4\STM32F4xx_HAL_Driver\Src</Filter>
    </ClCompile>
    <ClCompile Include="..\..\..\..\lib\stm32hal_f4\STM32F4xx_HAL_Driver\Src\stm32f4xx_ll_i2c.c">
      <Filter>stm32hal_f4\STM32F4xx_HAL_Driver\Src</Filter>
    </ClCompile>
    <ClCompile Include="..\..\..\..\lib\stm32hal_f4\STM32F4xx_HAL_Driver\Src\stm32f4xx_ll_lptim.c">
      <Filter>stm32hal_f4\STM32F4xx_HAL_Driver\Src</Filter>
    </ClCompile>
    <ClCompile Include="..\..\..\..\lib\stm32hal_f4\STM32F4xx_HAL_Driver\Src\stm32f4xx_ll_pwr.c">
      <Filter>stm32hal_f4\STM32F4xx_HAL_Driver\Src</Filter>
    </ClCompile>
    <ClCompile Include="..\..\..\..\lib\stm32hal_f4\STM32F4xx_HAL_Driver\Src\stm32f4xx_ll_rcc.c">
      <Filter>stm32hal_f4\STM32F4xx_HAL_Driver\Src</Filter>
    </ClCompile>
    <ClCompile Include="..\..\..\..\lib\stm32hal_f4\STM32F4xx_HAL_Driver\Src\stm32f4xx_ll_rng.c">
      <Filter>stm32hal_f4\STM32F4xx_HAL_Driver\Src</Filter>
    </ClCompile>
    <ClCompile Include="..\..\..\..\lib\stm32hal_f4\STM32F4xx_HAL_Driver\Src\stm32f4xx_ll_rtc.c">
      <Filter>stm32hal_f4\STM32F4xx_HAL_Driver\Src</Filter>
    </ClCompile>
    <ClCompile Include="..\..\..\..\lib\stm32hal_f4\STM32F4xx_HAL_Driver\Src\stm32f4xx_ll_sdmmc.c">
      <Filter>stm32hal_f4\STM32F4xx_HAL_Driver\Src</Filter>
    </ClCompile>
    <ClCompile Include="..\..\..\..\lib\stm32hal_f4\STM32F4xx_HAL_Driver\Src\stm32f4xx_ll_spi.c">
      <Filter>stm32hal_f4\STM32F4xx_HAL_Driver\Src</Filter>
    </ClCompile>
    <ClCompile Include="..\..\..\..\lib\stm32hal_f4\STM32F4xx_HAL_Driver\Src\stm32f4xx_ll_tim.c">
      <Filter>stm32hal_f4\STM32F4xx_HAL_Driver\Src</Filter>
    </ClCompile>
    <ClCompile Include="..\..\..\..\lib\stm32hal_f4\STM32F4xx_HAL_Driver\Src\stm32f4xx_ll_usart.c">
      <Filter>stm32hal_f4\STM32F4xx_HAL_Driver\Src</Filter>
    </ClCompile>
    <ClCompile Include="..\..\..\..\lib\stm32hal_f4\STM32F4xx_HAL_Driver\Src\stm32f4xx_ll_usb.c">
      <Filter>stm32hal_f4\STM32F4xx_HAL_Driver\Src</Filter>
    </ClCompile>
    <ClCompile Include="..\..\..\..\lib\stm32hal_f4\STM32F4xx_HAL_Driver\Src\stm32f4xx_ll_utils.c">
      <Filter>stm32hal_f4\STM32F4xx_HAL_Driver\Src</Filter>
    </ClCompile>
    <ClCompile Include="..\..\..\..\lib\FreeRTOS\croutine.c">
      <Filter>FreeRTOS</Filter>
    </ClCompile>
    <ClCompile Include="..\..\..\..\lib\FreeRTOS\event_groups.c">
      <Filter>FreeRTOS</Filter>
    </ClCompile>
    <ClCompile Include="..\..\..\..\lib\FreeRTOS\list.c">
      <Filter>FreeRTOS</Filter>
    </ClCompile>
    <ClCompile Include="..\..\..\..\lib\FreeRTOS\queue.c">
      <Filter>FreeRTOS</Filter>
    </ClCompile>
    <ClCompile Include="..\..\..\..\lib\FreeRTOS\stream_buffer.c">
      <Filter>FreeRTOS</Filter>
    </ClCompile>
    <ClCompile Include="..\..\..\..\lib\FreeRTOS\tasks.c">
      <Filter>FreeRTOS</Filter>
    </ClCompile>
    <ClCompile Include="..\..\..\..\lib\FreeRTOS\timers.c">
      <Filter>FreeRTOS</Filter>
    </ClCompile>
    <ClInclude Include="..\..\..\..\lib\FreeRTOS\include\croutine.h">
      <Filter>FreeRTOS\include</Filter>
    </ClInclude>
    <ClInclude Include="..\..\..\..\lib\FreeRTOS\include\deprecated_definitions.h">
      <Filter>FreeRTOS\include</Filter>
    </ClInclude>
    <ClInclude Include="..\..\..\..\lib\FreeRTOS\include\event_groups.h">
      <Filter>FreeRTOS\include</Filter>
    </ClInclude>
    <ClInclude Include="..\..\..\..\lib\FreeRTOS\include\FreeRTOS.h">
      <Filter>FreeRTOS\include</Filter>
    </ClInclude>
    <ClInclude Include="..\..\..\..\lib\FreeRTOS\include\list.h">
      <Filter>FreeRTOS\include</Filter>
    </ClInclude>
    <ClInclude Include="..\..\..\..\lib\FreeRTOS\include\message_buffer.h">
      <Filter>FreeRTOS\include</Filter>
    </ClInclude>
    <ClInclude Include="..\..\..\..\lib\FreeRTOS\include\mpu_prototypes.h">
      <Filter>FreeRTOS\include</Filter>
    </ClInclude>
    <ClInclude Include="..\..\..\..\lib\FreeRTOS\include\mpu_wrappers.h">
      <Filter>FreeRTOS\include</Filter>
    </ClInclude>
    <ClInclude Include="..\..\..\..\lib\FreeRTOS\include\portable.h">
      <Filter>FreeRTOS\include</Filter>
    </ClInclude>
    <ClInclude Include="..\..\..\..\lib\FreeRTOS\include\projdefs.h">
      <Filter>FreeRTOS\include</Filter>
    </ClInclude>
    <ClInclude Include="..\..\..\..\lib\FreeRTOS\include\queue.h">
      <Filter>FreeRTOS\include</Filter>
    </ClInclude>
    <ClInclude Include="..\..\..\..\lib\FreeRTOS\include\semphr.h">
      <Filter>FreeRTOS\include</Filter>
    </ClInclude>
    <ClInclude Include="..\..\..\..\lib\FreeRTOS\include\StackMacros.h">
      <Filter>FreeRTOS\include</Filter>
    </ClInclude>
    <ClInclude Include="..\..\..\..\lib\FreeRTOS\include\stack_macros.h">
      <Filter>FreeRTOS\include</Filter>
    </ClInclude>
    <ClInclude Include="..\..\..\..\lib\FreeRTOS\include\stream_buffer.h">
      <Filter>FreeRTOS\include</Filter>
    </ClInclude>
    <ClInclude Include="..\..\..\..\lib\FreeRTOS\include\task.h">
      <Filter>FreeRTOS\include</Filter>
    </ClInclude>
    <ClInclude Include="..\..\..\..\lib\FreeRTOS\include\timers.h">
      <Filter>FreeRTOS\include</Filter>
    </ClInclude>
    <ClCompile Include="..\..\..\..\lib\FreeRTOS\portable\GCC\ARM_CM4F\port.c">
      <Filter>FreeRTOS\portable\GCC\ARM_CM4F</Filter>
    </ClCompile>
    <ClInclude Include="..\..\..\..\lib\FreeRTOS\portable\GCC\ARM_CM4F\portmacro.h">
      <Filter>FreeRTOS\portable\GCC\ARM_CM4F</Filter>
    </ClInclude>
    <ClCompile Include="..\..\..\..\lib\FreeRTOS\portable\MemMang\heap_4.c">
      <Filter>FreeRTOS\portable\MemMang</Filter>
    </ClCompile>
  </ItemGroup>
  <ItemGroup>
    <ClInclude Include="..\..\..\..\Arche\Arche\arche.hpp">
      <Filter>Arche</Filter>
    </ClInclude>
    <ClInclude Include="..\..\..\..\lib\Thor\Thor\config\chimeraPort.hpp">
      <Filter>Thor\config</Filter>
    </ClInclude>
    <ClInclude Include="test_thread.hpp">
      <Filter>Source files</Filter>
    </ClInclude>
    <ClInclude Include="..\..\..\..\lib\Thor\Thor\thor.hpp">
      <Filter>Thor</Filter>
    </ClInclude>
    <ClInclude Include="..\..\..\..\lib\Thor\Thor\types.hpp">
      <Filter>Thor</Filter>
    </ClInclude>
    <ClInclude Include="..\..\..\..\lib\Thor\Thor\uart.hpp">
      <Filter>Thor</Filter>
    </ClInclude>
    <ClInclude Include="..\..\..\..\lib\Thor\Thor\usart.hpp">
      <Filter>Thor</Filter>
    </ClInclude>
    <ClInclude Include="..\..\..\..\lib\Thor\Thor\watchdog.hpp">
      <Filter>Thor</Filter>
    </ClInclude>
    <ClInclude Include="..\..\..\..\lib\Thor\Thor\boostStub.hpp">
      <Filter>Thor</Filter>
    </ClInclude>
    <ClInclude Include="..\..\..\..\lib\Thor\Thor\config.hpp">
      <Filter>Thor</Filter>
    </ClInclude>
    <ClInclude Include="..\..\..\..\lib\Thor\Thor\core.hpp">
      <Filter>Thor</Filter>
    </ClInclude>
    <ClInclude Include="..\..\..\..\lib\Thor\Thor\defaults.hpp">
      <Filter>Thor</Filter>
    </ClInclude>
    <ClInclude Include="..\..\..\..\lib\Thor\Thor\definitions.hpp">
      <Filter>Thor</Filter>
    </ClInclude>
    <ClInclude Include="..\..\..\..\lib\Thor\Thor\exceptions.hpp">
      <Filter>Thor</Filter>
    </ClInclude>
    <ClInclude Include="..\..\..\..\lib\Thor\Thor\exti.hpp">
      <Filter>Thor</Filter>
    </ClInclude>
    <ClInclude Include="..\..\..\..\lib\Thor\Thor\gpio.hpp">
      <Filter>Thor</Filter>
    </ClInclude>
    <ClInclude Include="..\..\..\..\lib\Thor\Thor\headers.hpp">
      <Filter>Thor</Filter>
    </ClInclude>
    <ClInclude Include="..\..\..\..\lib\Thor\Thor\macro.hpp">
      <Filter>Thor</Filter>
    </ClInclude>
    <ClInclude Include="..\..\..\..\lib\Thor\Thor\mem.hpp">
      <Filter>Thor</Filter>
    </ClInclude>
    <ClInclude Include="..\..\..\..\lib\Thor\Thor\nucleo.hpp">
      <Filter>Thor</Filter>
    </ClInclude>
    <ClInclude Include="..\..\..\..\lib\Thor\Thor\preprocessor.hpp">
      <Filter>Thor</Filter>
    </ClInclude>
    <ClInclude Include="..\..\..\..\lib\Thor\Thor\print.hpp">
      <Filter>Thor</Filter>
    </ClInclude>
    <ClInclude Include="..\..\..\..\lib\Thor\Thor\serial.hpp">
      <Filter>Thor</Filter>
    </ClInclude>
    <ClInclude Include="..\..\..\..\lib\Thor\Thor\spi.hpp">
      <Filter>Thor</Filter>
    </ClInclude>
    <ClInclude Include="..\..\..\..\lib\Thor\Thor\system.hpp">
      <Filter>Thor</Filter>
    </ClInclude>
    <ClInclude Include="..\..\..\..\lib\Thor\Thor\dma.hpp">
      <Filter>Thor</Filter>
    </ClInclude>
    <ClInclude Include="..\..\..\..\lib\Chimera\Chimera\dma.hpp">
      <Filter>Chimera</Filter>
    </ClInclude>
    <ClInclude Include="..\..\..\..\Arche\Arche\config\freertos\FreeRTOSConfig.h">
      <Filter>Arche\config</Filter>
    </ClInclude>
    <ClInclude Include="..\..\..\..\Arche\Arche\threads.hpp">
      <Filter>Arche</Filter>
    </ClInclude>
  </ItemGroup>
  <ItemGroup>
    <ClCompile Include="main.cpp">
      <Filter>Source files</Filter>
    </ClCompile>
    <ClCompile Include="test_thread.cpp">
      <Filter>Source files</Filter>
    </ClCompile>
    <ClCompile Include="..\..\..\..\lib\Thor\Thor\thor_boost_stub.cpp">
      <Filter>Thor</Filter>
    </ClCompile>
    <ClCompile Include="..\..\..\..\lib\Thor\Thor\thor_core.cpp">
      <Filter>Thor</Filter>
    </ClCompile>
    <ClCompile Include="..\..\..\..\lib\Thor\Thor\thor_defaults.cpp">
      <Filter>Thor</Filter>
    </ClCompile>
    <ClCompile Include="..\..\..\..\lib\Thor\Thor\thor_exceptions.cpp">
      <Filter>Thor</Filter>
    </ClCompile>
    <ClCompile Include="..\..\..\..\lib\Thor\Thor\thor_exti.cpp">
      <Filter>Thor</Filter>
    </ClCompile>
    <ClCompile Include="..\..\..\..\lib\Thor\Thor\thor_gpio.cpp">
      <Filter>Thor</Filter>
    </ClCompile>
    <ClCompile Include="..\..\..\..\lib\Thor\Thor\thor_mem.cpp">
      <Filter>Thor</Filter>
    </ClCompile>
    <ClCompile Include="..\..\..\..\lib\Thor\Thor\thor_nucleo.cpp">
      <Filter>Thor</Filter>
    </ClCompile>
    <ClCompile Include="..\..\..\..\lib\Thor\Thor\thor_print.cpp">
      <Filter>Thor</Filter>
    </ClCompile>
    <ClCompile Include="..\..\..\..\lib\Thor\Thor\thor_serial.cpp">
      <Filter>Thor</Filter>
    </ClCompile>
    <ClCompile Include="..\..\..\..\lib\Thor\Thor\thor_spi.cpp">
      <Filter>Thor</Filter>
    </ClCompile>
    <ClCompile Include="..\..\..\..\lib\Thor\Thor\thor_uart.cpp">
      <Filter>Thor</Filter>
    </ClCompile>
    <ClCompile Include="..\..\..\..\lib\Thor\Thor\thor_usart.cpp">
      <Filter>Thor</Filter>
    </ClCompile>
    <ClCompile Include="..\..\..\..\lib\Thor\Thor\thor_watchdog.cpp">
      <Filter>Thor</Filter>
    </ClCompile>
    <ClCompile Include="..\..\..\..\lib\Thor\Thor\thor.cpp">
      <Filter>Thor</Filter>
    </ClCompile>
    <ClCompile Include="..\..\..\..\lib\Thor\Thor\thor_dma.cpp">
      <Filter>Thor</Filter>
    </ClCompile>
    <ClCompile Include="..\..\..\..\Arche\Arche\arche_threads.cpp">
      <Filter>Arche</Filter>
    </ClCompile>
  </ItemGroup>
</Project>