<?xml version="1.0" encoding="utf-8"?>
<Project ToolsVersion="4.0" xmlns="http://schemas.microsoft.com/developer/msbuild/2003">
  <ItemGroup>
    <ClCompile Include="main.cpp" />
    <ClCompile Include="..\..\..\..\Arche\tst\test_init.cpp">
      <Filter>tst</Filter>
    </ClCompile>
    <ClCompile Include="..\..\..\..\Arche\tst\arche_test_fixtures.cpp">
      <Filter>tst</Filter>
    </ClCompile>
    <ClCompile Include="$(MSBuildThisFileDirectory)..\..\lib\native\src\gtest-all.cc" />
    <ClCompile Include="$(MSBuildThisFileDirectory)..\..\lib\native\src\gmock-all.cc" />
    <ClCompile Include="..\..\..\..\lib\stm32hal_f4\mock\mock_stm32f4xx_hal_uart.cpp">
      <Filter>stm32hal_f4\mock</Filter>
    </ClCompile>
    <ClCompile Include="..\..\..\..\lib\stm32hal_f4\mock\mock_stm32f4xx_hal.cpp">
      <Filter>stm32hal_f4\mock</Filter>
    </ClCompile>
    <ClCompile Include="..\..\..\..\lib\stm32hal_f4\mock\mock_stm32f4xx_hal_cortex.cpp">
      <Filter>stm32hal_f4\mock</Filter>
    </ClCompile>
    <ClCompile Include="..\..\..\..\lib\stm32hal_f4\mock\mock_stm32f4xx_hal_rcc.cpp">
      <Filter>stm32hal_f4\mock</Filter>
    </ClCompile>
    <ClCompile Include="..\..\..\..\lib\stm32hal_f4\mock\mock_stm32f4xx_hal_iwdg.cpp">
      <Filter>stm32hal_f4\mock</Filter>
    </ClCompile>
    <ClCompile Include="..\..\..\..\lib\stm32hal_f4\mock\mock_stm32f4xx_hal_wwdg.cpp">
      <Filter>stm32hal_f4\mock</Filter>
    </ClCompile>
    <ClCompile Include="..\..\..\..\lib\stm32hal_f4\mock\mock_stm32f4xx_hal_gpio.cpp">
      <Filter>stm32hal_f4\mock</Filter>
    </ClCompile>
    <ClCompile Include="..\..\..\..\lib\stm32hal_f4\mock\mock_stm32f4xx_hal_dma.cpp">
      <Filter>stm32hal_f4\mock</Filter>
    </ClCompile>
    <ClCompile Include="..\..\..\..\lib\Thor\Thor\thor_interrupt.cpp">
      <Filter>Thor</Filter>
    </ClCompile>
    <ClCompile Include="..\..\..\..\lib\Thor\Thor\thor_mem.cpp">
      <Filter>Thor</Filter>
    </ClCompile>
    <ClCompile Include="..\..\..\..\lib\Thor\Thor\thor_print.cpp">
      <Filter>Thor</Filter>
    </ClCompile>
    <ClCompile Include="..\..\..\..\lib\Thor\Thor\thor_serial.cpp">
      <Filter>Thor</Filter>
    </ClCompile>
    <ClCompile Include="..\..\..\..\lib\Thor\Thor\thor_spi.cpp">
      <Filter>Thor</Filter>
    </ClCompile>
    <ClCompile Include="..\..\..\..\lib\Thor\Thor\thor_uart.cpp">
      <Filter>Thor</Filter>
    </ClCompile>
    <ClCompile Include="..\..\..\..\lib\Thor\Thor\thor_usart.cpp">
      <Filter>Thor</Filter>
    </ClCompile>
    <ClCompile Include="..\..\..\..\lib\Thor\Thor\thor_watchdog.cpp">
      <Filter>Thor</Filter>
    </ClCompile>
    <ClCompile Include="..\..\..\..\lib\Thor\Thor\thor.cpp">
      <Filter>Thor</Filter>
    </ClCompile>
    <ClCompile Include="..\..\..\..\lib\Thor\Thor\thor_boost_stub.cpp">
      <Filter>Thor</Filter>
    </ClCompile>
    <ClCompile Include="..\..\..\..\lib\Thor\Thor\thor_core.cpp">
      <Filter>Thor</Filter>
    </ClCompile>
    <ClCompile Include="..\..\..\..\lib\Thor\Thor\thor_defaults.cpp">
      <Filter>Thor</Filter>
    </ClCompile>
    <ClCompile Include="..\..\..\..\lib\Thor\Thor\thor_exceptions.cpp">
      <Filter>Thor</Filter>
    </ClCompile>
    <ClCompile Include="..\..\..\..\lib\Thor\Thor\thor_exti.cpp">
      <Filter>Thor</Filter>
    </ClCompile>
    <ClCompile Include="..\..\..\..\lib\Thor\Thor\thor_gpio.cpp">
      <Filter>Thor</Filter>
    </ClCompile>
    <ClCompile Include="..\..\..\..\lib\Thor\Thor\thor_dma.cpp">
      <Filter>Thor</Filter>
    </ClCompile>
  </ItemGroup>
  <ItemGroup>
    <ClInclude Include="..\..\..\..\lib\stm32hal_f4\mock\core_cm4.h">
      <Filter>stm32hal_f4\mock</Filter>
    </ClInclude>
    <ClInclude Include="..\..\..\..\Arche\tst\arche_test_fixtures.hpp">
      <Filter>tst</Filter>
    </ClInclude>
    <ClInclude Include="..\..\..\..\lib\stm32hal_f4\mock\stm32f4xx.h">
      <Filter>stm32hal_f4\mock</Filter>
    </ClInclude>
    <ClInclude Include="..\..\..\..\lib\stm32hal_f4\mock\stm32f4xx_hal_def.h">
      <Filter>stm32hal_f4\mock</Filter>
    </ClInclude>
    <ClInclude Include="..\..\..\..\lib\stm32hal_f4\mock\stm32f4xx_hal_conf.h">
      <Filter>stm32hal_f4\mock</Filter>
    </ClInclude>
    <ClInclude Include="..\..\..\..\lib\stm32hal_f4\mock\stm32f446xx.h">
      <Filter>stm32hal_f4\mock</Filter>
    </ClInclude>
    <ClInclude Include="..\..\..\..\lib\stm32hal_f4\mock\mock_stm32f4xx_hal_uart.hpp">
      <Filter>stm32hal_f4\mock</Filter>
    </ClInclude>
    <ClInclude Include="..\..\..\..\lib\stm32hal_f4\mock\mock_stm32f4xx_hal.hpp">
      <Filter>stm32hal_f4\mock</Filter>
    </ClInclude>
    <ClInclude Include="..\..\..\..\lib\stm32hal_f4\mock\mock_stm32f4xx_hal_cortex.hpp">
      <Filter>stm32hal_f4\mock</Filter>
    </ClInclude>
    <ClInclude Include="..\..\..\..\lib\stm32hal_f4\mock\mock_stm32f4xx_hal_rcc.hpp">
      <Filter>stm32hal_f4\mock</Filter>
    </ClInclude>
    <ClInclude Include="..\..\..\..\lib\Thor\Thor\config\FreeRTOSConfig.h">
      <Filter>Thor\config</Filter>
    </ClInclude>
    <ClInclude Include="..\..\..\..\lib\Thor\Thor\config\chimeraPort.hpp">
      <Filter>Thor\config</Filter>
    </ClInclude>
    <ClInclude Include="..\..\..\..\lib\stm32hal_f4\mock\mock_stm32f4xx_hal_iwdg.hpp">
      <Filter>stm32hal_f4\mock</Filter>
    </ClInclude>
    <ClInclude Include="..\..\..\..\lib\stm32hal_f4\mock\mock_stm32f4xx_hal_wwdg.hpp">
      <Filter>stm32hal_f4\mock</Filter>
    </ClInclude>
    <ClInclude Include="..\..\..\..\lib\stm32hal_f4\mock\mock_stm32f4xx_hal_gpio.hpp">
      <Filter>stm32hal_f4\mock</Filter>
    </ClInclude>
    <ClInclude Include="..\..\..\..\lib\stm32hal_f4\mock\mock_stm32f4xx_hal_dma.hpp">
      <Filter>stm32hal_f4\mock</Filter>
    </ClInclude>
    <ClInclude Include="..\..\..\..\lib\Thor\Thor\types.hpp">
      <Filter>Thor</Filter>
    </ClInclude>
    <ClInclude Include="..\..\..\..\lib\Thor\Thor\uart.hpp">
      <Filter>Thor</Filter>
    </ClInclude>
    <ClInclude Include="..\..\..\..\lib\Thor\Thor\usart.hpp">
      <Filter>Thor</Filter>
    </ClInclude>
    <ClInclude Include="..\..\..\..\lib\Thor\Thor\watchdog.hpp">
      <Filter>Thor</Filter>
    </ClInclude>
    <ClInclude Include="..\..\..\..\lib\Thor\Thor\boostStub.hpp">
      <Filter>Thor</Filter>
    </ClInclude>
    <ClInclude Include="..\..\..\..\lib\Thor\Thor\config.hpp">
      <Filter>Thor</Filter>
    </ClInclude>
    <ClInclude Include="..\..\..\..\lib\Thor\Thor\core.hpp">
      <Filter>Thor</Filter>
    </ClInclude>
    <ClInclude Include="..\..\..\..\lib\Thor\Thor\defaults.hpp">
      <Filter>Thor</Filter>
    </ClInclude>
    <ClInclude Include="..\..\..\..\lib\Thor\Thor\definitions.hpp">
      <Filter>Thor</Filter>
    </ClInclude>
    <ClInclude Include="..\..\..\..\lib\Thor\Thor\exceptions.hpp">
      <Filter>Thor</Filter>
    </ClInclude>
    <ClInclude Include="..\..\..\..\lib\Thor\Thor\exti.hpp">
      <Filter>Thor</Filter>
    </ClInclude>
    <ClInclude Include="..\..\..\..\lib\Thor\Thor\gpio.hpp">
      <Filter>Thor</Filter>
    </ClInclude>
    <ClInclude Include="..\..\..\..\lib\Thor\Thor\headers.hpp">
      <Filter>Thor</Filter>
    </ClInclude>
    <ClInclude Include="..\..\..\..\lib\Thor\Thor\interrupt.hpp">
      <Filter>Thor</Filter>
    </ClInclude>
    <ClInclude Include="..\..\..\..\lib\Thor\Thor\macro.hpp">
      <Filter>Thor</Filter>
    </ClInclude>
    <ClInclude Include="..\..\..\..\lib\Thor\Thor\mem.hpp">
      <Filter>Thor</Filter>
    </ClInclude>
    <ClInclude Include="..\..\..\..\lib\Thor\Thor\nucleo.hpp">
      <Filter>Thor</Filter>
    </ClInclude>
    <ClInclude Include="..\..\..\..\lib\Thor\Thor\preprocessor.hpp">
      <Filter>Thor</Filter>
    </ClInclude>
    <ClInclude Include="..\..\..\..\lib\Thor\Thor\print.hpp">
      <Filter>Thor</Filter>
    </ClInclude>
    <ClInclude Include="..\..\..\..\lib\Thor\Thor\serial.hpp">
      <Filter>Thor</Filter>
    </ClInclude>
    <ClInclude Include="..\..\..\..\lib\Thor\Thor\spi.hpp">
      <Filter>Thor</Filter>
    </ClInclude>
    <ClInclude Include="..\..\..\..\lib\Thor\Thor\system.hpp">
      <Filter>Thor</Filter>
    </ClInclude>
    <ClInclude Include="..\..\..\..\lib\Thor\Thor\thor.hpp">
      <Filter>Thor</Filter>
    </ClInclude>
    <ClInclude Include="..\..\..\..\lib\Thor\Thor\dma.hpp">
      <Filter>Thor</Filter>
    </ClInclude>
  </ItemGroup>
  <ItemGroup>
    <None Include="packages.config" />
  </ItemGroup>
  <ItemGroup>
    <Filter Include="stm32hal_f4">
      <UniqueIdentifier>{6356d495-a863-4ad6-9f3f-54b20824cb25}</UniqueIdentifier>
    </Filter>
    <Filter Include="stm32hal_f4\mock">
      <UniqueIdentifier>{943ce6dd-0795-42ed-8033-d025a9f15e82}</UniqueIdentifier>
    </Filter>
    <Filter Include="tst">
      <UniqueIdentifier>{19c3d08e-f53d-4dc8-98cc-19d60341471f}</UniqueIdentifier>
    </Filter>
    <Filter Include="Thor">
      <UniqueIdentifier>{3547ebb4-264e-4f9a-b780-e8ee28f9282d}</UniqueIdentifier>
    </Filter>
    <Filter Include="Thor\config">
      <UniqueIdentifier>{76bcab88-aae7-4667-808f-fd6c6bbc247d}</UniqueIdentifier>
    </Filter>
  </ItemGroup>
</Project>