<?xml version="1.0" encoding="utf-8"?>
<Project ToolsVersion="4.0" xmlns="http://schemas.microsoft.com/developer/msbuild/2003">
  <ItemGroup>
    <Filter Include="stm32hal_f4">
      <UniqueIdentifier>{d314e404-d9c7-4da1-bdb5-debf4615a051}</UniqueIdentifier>
    </Filter>
    <Filter Include="Thor">
      <UniqueIdentifier>{b84b1b53-e263-4495-893f-8ca5ddfaed26}</UniqueIdentifier>
    </Filter>
    <Filter Include="stm32hal_f4\mock">
      <UniqueIdentifier>{f445536e-c8c4-4a3b-8465-7067ad51d0aa}</UniqueIdentifier>
    </Filter>
    <Filter Include="Thor\config">
      <UniqueIdentifier>{1c67ff85-844d-4dc4-8a7e-7367917ed3fe}</UniqueIdentifier>
    </Filter>
    <Filter Include="Thor\config\chimera">
      <UniqueIdentifier>{b5ea6269-2311-40b9-babd-c0bad106aa3e}</UniqueIdentifier>
    </Filter>
    <Filter Include="tst">
      <UniqueIdentifier>{9bc18ef1-f0a7-4221-abd0-027f3b120292}</UniqueIdentifier>
    </Filter>
    <Filter Include="Chimera">
      <UniqueIdentifier>{2126e193-5b45-4685-9709-82f2829a1b7c}</UniqueIdentifier>
    </Filter>
  </ItemGroup>
  <ItemGroup>
    <ClCompile Include="..\..\..\..\lib\stm32hal_f4\mock\mock_stm32f4xx_hal.cpp">
      <Filter>stm32hal_f4\mock</Filter>
    </ClCompile>
    <ClCompile Include="..\..\..\..\lib\stm32hal_f4\mock\mock_stm32f4xx_hal_cortex.cpp">
      <Filter>stm32hal_f4\mock</Filter>
    </ClCompile>
    <ClCompile Include="..\..\..\..\lib\stm32hal_f4\mock\mock_stm32f4xx_hal_dma.cpp">
      <Filter>stm32hal_f4\mock</Filter>
    </ClCompile>
    <ClCompile Include="..\..\..\..\lib\stm32hal_f4\mock\mock_stm32f4xx_hal_gpio.cpp">
      <Filter>stm32hal_f4\mock</Filter>
    </ClCompile>
    <ClCompile Include="..\..\..\..\lib\stm32hal_f4\mock\mock_stm32f4xx_hal_iwdg.cpp">
      <Filter>stm32hal_f4\mock</Filter>
    </ClCompile>
    <ClCompile Include="..\..\..\..\lib\stm32hal_f4\mock\mock_stm32f4xx_hal_rcc.cpp">
      <Filter>stm32hal_f4\mock</Filter>
    </ClCompile>
    <ClCompile Include="..\..\..\..\lib\stm32hal_f4\mock\mock_stm32f4xx_hal_uart.cpp">
      <Filter>stm32hal_f4\mock</Filter>
    </ClCompile>
    <ClCompile Include="..\..\..\..\lib\stm32hal_f4\mock\mock_stm32f4xx_hal_usart.cpp">
      <Filter>stm32hal_f4\mock</Filter>
    </ClCompile>
    <ClCompile Include="..\..\..\..\lib\stm32hal_f4\mock\mock_stm32f4xx_hal_wwdg.cpp">
      <Filter>stm32hal_f4\mock</Filter>
    </ClCompile>
    <ClCompile Include="..\..\..\..\lib\Thor\Thor\thor.cpp">
      <Filter>Thor</Filter>
    </ClCompile>
    <ClCompile Include="..\..\..\..\lib\Thor\Thor\thor_boost_stub.cpp">
      <Filter>Thor</Filter>
    </ClCompile>
    <ClCompile Include="..\..\..\..\lib\Thor\Thor\thor_core.cpp">
      <Filter>Thor</Filter>
    </ClCompile>
    <ClCompile Include="..\..\..\..\lib\Thor\Thor\thor_defaults.cpp">
      <Filter>Thor</Filter>
    </ClCompile>
    <ClCompile Include="..\..\..\..\lib\Thor\Thor\thor_dma.cpp">
      <Filter>Thor</Filter>
    </ClCompile>
    <ClCompile Include="..\..\..\..\lib\Thor\Thor\thor_exceptions.cpp">
      <Filter>Thor</Filter>
    </ClCompile>
    <ClCompile Include="..\..\..\..\lib\Thor\Thor\thor_exti.cpp">
      <Filter>Thor</Filter>
    </ClCompile>
    <ClCompile Include="..\..\..\..\lib\Thor\Thor\thor_gpio.cpp">
      <Filter>Thor</Filter>
    </ClCompile>
    <ClCompile Include="..\..\..\..\lib\Thor\Thor\thor_mem.cpp">
      <Filter>Thor</Filter>
    </ClCompile>
    <ClCompile Include="..\..\..\..\lib\Thor\Thor\thor_print.cpp">
      <Filter>Thor</Filter>
    </ClCompile>
    <ClCompile Include="..\..\..\..\lib\Thor\Thor\thor_serial.cpp">
      <Filter>Thor</Filter>
    </ClCompile>
    <ClCompile Include="..\..\..\..\lib\Thor\Thor\thor_spi.cpp">
      <Filter>Thor</Filter>
    </ClCompile>
    <ClCompile Include="..\..\..\..\lib\Thor\Thor\thor_uart.cpp">
      <Filter>Thor</Filter>
    </ClCompile>
    <ClCompile Include="..\..\..\..\lib\Thor\Thor\thor_usart.cpp">
      <Filter>Thor</Filter>
    </ClCompile>
    <ClCompile Include="..\..\..\..\lib\Thor\Thor\thor_watchdog.cpp">
      <Filter>Thor</Filter>
    </ClCompile>
    <ClCompile Include="..\..\..\..\Arche\tst\arche_test_fixtures.cpp">
      <Filter>tst</Filter>
    </ClCompile>
    <ClCompile Include="..\..\..\..\Arche\tst\main.cpp">
      <Filter>tst</Filter>
    </ClCompile>
    <ClCompile Include="..\..\..\..\Arche\tst\test_init.cpp">
      <Filter>tst</Filter>
    </ClCompile>
    <ClCompile Include="..\..\..\..\lib\Chimera\Chimera\chimera.cpp">
      <Filter>Chimera</Filter>
    </ClCompile>
    <ClCompile Include="..\..\..\..\lib\Chimera\Chimera\exception.cpp">
      <Filter>Chimera</Filter>
    </ClCompile>
    <ClCompile Include="..\..\..\..\lib\Chimera\Chimera\logging.cpp">
      <Filter>Chimera</Filter>
    </ClCompile>
    <ClCompile Include="..\..\..\..\lib\Chimera\Chimera\threading.cpp">
      <Filter>Chimera</Filter>
    </ClCompile>
  </ItemGroup>
  <ItemGroup>
    <ClInclude Include="..\..\..\..\lib\stm32hal_f4\mock\core_cm4.h">
      <Filter>stm32hal_f4\mock</Filter>
    </ClInclude>
    <ClInclude Include="..\..\..\..\lib\stm32hal_f4\mock\mock_stm32f4xx_hal.hpp">
      <Filter>stm32hal_f4\mock</Filter>
    </ClInclude>
    <ClInclude Include="..\..\..\..\lib\stm32hal_f4\mock\mock_stm32f4xx_hal_cortex.hpp">
      <Filter>stm32hal_f4\mock</Filter>
    </ClInclude>
    <ClInclude Include="..\..\..\..\lib\stm32hal_f4\mock\mock_stm32f4xx_hal_dma.hpp">
      <Filter>stm32hal_f4\mock</Filter>
    </ClInclude>
    <ClInclude Include="..\..\..\..\lib\stm32hal_f4\mock\mock_stm32f4xx_hal_gpio.hpp">
      <Filter>stm32hal_f4\mock</Filter>
    </ClInclude>
    <ClInclude Include="..\..\..\..\lib\stm32hal_f4\mock\mock_stm32f4xx_hal_iwdg.hpp">
      <Filter>stm32hal_f4\mock</Filter>
    </ClInclude>
    <ClInclude Include="..\..\..\..\lib\stm32hal_f4\mock\mock_stm32f4xx_hal_rcc.hpp">
      <Filter>stm32hal_f4\mock</Filter>
    </ClInclude>
    <ClInclude Include="..\..\..\..\lib\stm32hal_f4\mock\mock_stm32f4xx_hal_uart.hpp">
      <Filter>stm32hal_f4\mock</Filter>
    </ClInclude>
    <ClInclude Include="..\..\..\..\lib\stm32hal_f4\mock\mock_stm32f4xx_hal_usart.hpp">
      <Filter>stm32hal_f4\mock</Filter>
    </ClInclude>
    <ClInclude Include="..\..\..\..\lib\stm32hal_f4\mock\mock_stm32f4xx_hal_wwdg.hpp">
      <Filter>stm32hal_f4\mock</Filter>
    </ClInclude>
    <ClInclude Include="..\..\..\..\lib\stm32hal_f4\mock\stm32f446xx.h">
      <Filter>stm32hal_f4\mock</Filter>
    </ClInclude>
    <ClInclude Include="..\..\..\..\lib\stm32hal_f4\mock\stm32f4xx.h">
      <Filter>stm32hal_f4\mock</Filter>
    </ClInclude>
    <ClInclude Include="..\..\..\..\lib\stm32hal_f4\mock\stm32f4xx_hal_conf.h">
      <Filter>stm32hal_f4\mock</Filter>
    </ClInclude>
    <ClInclude Include="..\..\..\..\lib\stm32hal_f4\mock\stm32f4xx_hal_def.h">
      <Filter>stm32hal_f4\mock</Filter>
    </ClInclude>
    <ClInclude Include="..\..\..\..\lib\Thor\Thor\boostStub.hpp">
      <Filter>Thor</Filter>
    </ClInclude>
    <ClInclude Include="..\..\..\..\lib\Thor\Thor\config.hpp">
      <Filter>Thor</Filter>
    </ClInclude>
    <ClInclude Include="..\..\..\..\lib\Thor\Thor\core.hpp">
      <Filter>Thor</Filter>
    </ClInclude>
    <ClInclude Include="..\..\..\..\lib\Thor\Thor\defaults.hpp">
      <Filter>Thor</Filter>
    </ClInclude>
    <ClInclude Include="..\..\..\..\lib\Thor\Thor\definitions.hpp">
      <Filter>Thor</Filter>
    </ClInclude>
    <ClInclude Include="..\..\..\..\lib\Thor\Thor\dma.hpp">
      <Filter>Thor</Filter>
    </ClInclude>
    <ClInclude Include="..\..\..\..\lib\Thor\Thor\exceptions.hpp">
      <Filter>Thor</Filter>
    </ClInclude>
    <ClInclude Include="..\..\..\..\lib\Thor\Thor\exti.hpp">
      <Filter>Thor</Filter>
    </ClInclude>
    <ClInclude Include="..\..\..\..\lib\Thor\Thor\gpio.hpp">
      <Filter>Thor</Filter>
    </ClInclude>
    <ClInclude Include="..\..\..\..\lib\Thor\Thor\headers.hpp">
      <Filter>Thor</Filter>
    </ClInclude>
    <ClInclude Include="..\..\..\..\lib\Thor\Thor\macro.hpp">
      <Filter>Thor</Filter>
    </ClInclude>
    <ClInclude Include="..\..\..\..\lib\Thor\Thor\mem.hpp">
      <Filter>Thor</Filter>
    </ClInclude>
    <ClInclude Include="..\..\..\..\lib\Thor\Thor\nucleo.hpp">
      <Filter>Thor</Filter>
    </ClInclude>
    <ClInclude Include="..\..\..\..\lib\Thor\Thor\preprocessor.hpp">
      <Filter>Thor</Filter>
    </ClInclude>
    <ClInclude Include="..\..\..\..\lib\Thor\Thor\print.hpp">
      <Filter>Thor</Filter>
    </ClInclude>
    <ClInclude Include="..\..\..\..\lib\Thor\Thor\serial.hpp">
      <Filter>Thor</Filter>
    </ClInclude>
    <ClInclude Include="..\..\..\..\lib\Thor\Thor\spi.hpp">
      <Filter>Thor</Filter>
    </ClInclude>
    <ClInclude Include="..\..\..\..\lib\Thor\Thor\system.hpp">
      <Filter>Thor</Filter>
    </ClInclude>
    <ClInclude Include="..\..\..\..\lib\Thor\Thor\thor.hpp">
      <Filter>Thor</Filter>
    </ClInclude>
    <ClInclude Include="..\..\..\..\lib\Thor\Thor\uart.hpp">
      <Filter>Thor</Filter>
    </ClInclude>
    <ClInclude Include="..\..\..\..\lib\Thor\Thor\usart.hpp">
      <Filter>Thor</Filter>
    </ClInclude>
    <ClInclude Include="..\..\..\..\lib\Thor\Thor\watchdog.hpp">
      <Filter>Thor</Filter>
    </ClInclude>
    <ClInclude Include="..\..\..\..\lib\Thor\Thor\config\chimera\chimeraPort.hpp">
      <Filter>Thor\config\chimera</Filter>
    </ClInclude>
    <ClInclude Include="..\..\..\..\Arche\tst\arche_test_fixtures.hpp">
      <Filter>tst</Filter>
    </ClInclude>
    <ClInclude Include="..\..\..\..\lib\Chimera\Chimera\assertion.hpp">
      <Filter>Chimera</Filter>
    </ClInclude>
    <ClInclude Include="..\..\..\..\lib\Chimera\Chimera\chimera.hpp">
      <Filter>Chimera</Filter>
    </ClInclude>
    <ClInclude Include="..\..\..\..\lib\Chimera\Chimera\clock.hpp">
      <Filter>Chimera</Filter>
    </ClInclude>
    <ClInclude Include="..\..\..\..\lib\Chimera\Chimera\dma.hpp">
      <Filter>Chimera</Filter>
    </ClInclude>
    <ClInclude Include="..\..\..\..\lib\Chimera\Chimera\exception.hpp">
      <Filter>Chimera</Filter>
    </ClInclude>
    <ClInclude Include="..\..\..\..\lib\Chimera\Chimera\gpio.hpp">
      <Filter>Chimera</Filter>
    </ClInclude>
    <ClInclude Include="..\..\..\..\lib\Chimera\Chimera\interface.hpp">
      <Filter>Chimera</Filter>
    </ClInclude>
    <ClInclude Include="..\..\..\..\lib\Chimera\Chimera\logging.hpp">
      <Filter>Chimera</Filter>
    </ClInclude>
    <ClInclude Include="..\..\..\..\lib\Chimera\Chimera\preprocessor.hpp">
      <Filter>Chimera</Filter>
    </ClInclude>
    <ClInclude Include="..\..\..\..\lib\Chimera\Chimera\serial.hpp">
      <Filter>Chimera</Filter>
    </ClInclude>
    <ClInclude Include="..\..\..\..\lib\Chimera\Chimera\spi.hpp">
      <Filter>Chimera</Filter>
    </ClInclude>
    <ClInclude Include="..\..\..\..\lib\Chimera\Chimera\system.hpp">
      <Filter>Chimera</Filter>
    </ClInclude>
    <ClInclude Include="..\..\..\..\lib\Chimera\Chimera\threading.hpp">
      <Filter>Chimera</Filter>
    </ClInclude>
    <ClInclude Include="..\..\..\..\lib\Chimera\Chimera\types.hpp">
      <Filter>Chimera</Filter>
    </ClInclude>
    <ClInclude Include="..\..\..\..\lib\Chimera\Chimera\utilities.hpp">
      <Filter>Chimera</Filter>
    </ClInclude>
    <ClInclude Include="..\..\..\..\lib\Chimera\Chimera\watchdog.hpp">
      <Filter>Chimera</Filter>
    </ClInclude>
  </ItemGroup>
</Project>